// !$*UTF8*$!
{
	archiveVersion = 1;
	classes = {
	};
	objectVersion = 46;
	objects = {

/* Begin PBXBuildFile section */
		5B0C7895176D4C6500770EDF /* CoreGraphics.framework in Frameworks */ = {isa = PBXBuildFile; fileRef = 5B6212601746D8C5007B5C7C /* CoreGraphics.framework */; };
		5B105791176F42F80048513E /* OrderLineItem.m in Sources */ = {isa = PBXBuildFile; fileRef = 5B105790176F42F80048513E /* OrderLineItem.m */; };
		5B105794176F42F90048513E /* Order.m in Sources */ = {isa = PBXBuildFile; fileRef = 5B105793176F42F90048513E /* Order.m */; };
		5B4988C2175A27B0000AFD31 /* SystemConfiguration.framework in Frameworks */ = {isa = PBXBuildFile; fileRef = 5B4988C1175A27B0000AFD31 /* SystemConfiguration.framework */; };
		5B4988C5175AAC25000AFD31 /* ReportDetailContainer.m in Sources */ = {isa = PBXBuildFile; fileRef = 5B4988C4175AAC24000AFD31 /* ReportDetailContainer.m */; };
		5B4DDBD1176E97850015A496 /* my_allocations.png in Resources */ = {isa = PBXBuildFile; fileRef = 5B4DDBCE176E97850015A496 /* my_allocations.png */; };
		5B4DDBD2176E97850015A496 /* my_team.png in Resources */ = {isa = PBXBuildFile; fileRef = 5B4DDBCF176E97850015A496 /* my_team.png */; };
		5B4DDBD3176E97850015A496 /* my_usage.png in Resources */ = {isa = PBXBuildFile; fileRef = 5B4DDBD0176E97850015A496 /* my_usage.png */; };
		5B5085E1174B20460068A71E /* en.lproj in Resources */ = {isa = PBXBuildFile; fileRef = 5B5085E0174B20460068A71E /* en.lproj */; };
		5B5C53E31757E44D004126D1 /* Reachability.m in Sources */ = {isa = PBXBuildFile; fileRef = 5B5C53E21757E44D004126D1 /* Reachability.m */; };
		5B62125D1746D8C5007B5C7C /* UIKit.framework in Frameworks */ = {isa = PBXBuildFile; fileRef = 5B62125C1746D8C5007B5C7C /* UIKit.framework */; };
		5B62125F1746D8C5007B5C7C /* Foundation.framework in Frameworks */ = {isa = PBXBuildFile; fileRef = 5B62125E1746D8C5007B5C7C /* Foundation.framework */; };
		5B6212611746D8C5007B5C7C /* CoreGraphics.framework in Frameworks */ = {isa = PBXBuildFile; fileRef = 5B6212601746D8C5007B5C7C /* CoreGraphics.framework */; };
		5B6212671746D8C5007B5C7C /* InfoPlist.strings in Resources */ = {isa = PBXBuildFile; fileRef = 5B6212651746D8C5007B5C7C /* InfoPlist.strings */; };
		5B6212691746D8C5007B5C7C /* main.m in Sources */ = {isa = PBXBuildFile; fileRef = 5B6212681746D8C5007B5C7C /* main.m */; };
		5B62126D1746D8C5007B5C7C /* AppDelegate.m in Sources */ = {isa = PBXBuildFile; fileRef = 5B62126C1746D8C5007B5C7C /* AppDelegate.m */; };
		5B62126F1746D8C5007B5C7C /* Default.png in Resources */ = {isa = PBXBuildFile; fileRef = 5B62126E1746D8C5007B5C7C /* Default.png */; };
		5B6212711746D8C5007B5C7C /* Default@2x.png in Resources */ = {isa = PBXBuildFile; fileRef = 5B6212701746D8C5007B5C7C /* Default@2x.png */; };
		5B6212731746D8C5007B5C7C /* Default-568h@2x.png in Resources */ = {isa = PBXBuildFile; fileRef = 5B6212721746D8C5007B5C7C /* Default-568h@2x.png */; };
		5B62127B1746D8C5007B5C7C /* first.png in Resources */ = {isa = PBXBuildFile; fileRef = 5B62127A1746D8C5007B5C7C /* first.png */; };
		5B62127D1746D8C5007B5C7C /* first@2x.png in Resources */ = {isa = PBXBuildFile; fileRef = 5B62127C1746D8C5007B5C7C /* first@2x.png */; };
		5B6212821746D8C5007B5C7C /* second.png in Resources */ = {isa = PBXBuildFile; fileRef = 5B6212811746D8C5007B5C7C /* second.png */; };
		5B6212841746D8C5007B5C7C /* second@2x.png in Resources */ = {isa = PBXBuildFile; fileRef = 5B6212831746D8C5007B5C7C /* second@2x.png */; };
		5B62128C1746D8C6007B5C7C /* SenTestingKit.framework in Frameworks */ = {isa = PBXBuildFile; fileRef = 5B62128B1746D8C6007B5C7C /* SenTestingKit.framework */; };
		5B62128D1746D8C6007B5C7C /* UIKit.framework in Frameworks */ = {isa = PBXBuildFile; fileRef = 5B62125C1746D8C5007B5C7C /* UIKit.framework */; };
		5B62128E1746D8C6007B5C7C /* Foundation.framework in Frameworks */ = {isa = PBXBuildFile; fileRef = 5B62125E1746D8C5007B5C7C /* Foundation.framework */; };
		5B6212961746D8C6007B5C7C /* InfoPlist.strings in Resources */ = {isa = PBXBuildFile; fileRef = 5B6212941746D8C6007B5C7C /* InfoPlist.strings */; };
		5B6212991746D8C6007B5C7C /* SampleCupboard_iOSTests.m in Sources */ = {isa = PBXBuildFile; fileRef = 5B6212981746D8C6007B5C7C /* SampleCupboard_iOSTests.m */; };
		5B6212A61746D957007B5C7C /* SCB_Icon_iPad29x29.png in Resources */ = {isa = PBXBuildFile; fileRef = 5B6212A21746D957007B5C7C /* SCB_Icon_iPad29x29.png */; };
		5B6212A71746D957007B5C7C /* SCB_Icon_iPad50x50.png in Resources */ = {isa = PBXBuildFile; fileRef = 5B6212A31746D957007B5C7C /* SCB_Icon_iPad50x50.png */; };
		5B6212A81746D957007B5C7C /* SCB_Icon_iPhone4.png in Resources */ = {isa = PBXBuildFile; fileRef = 5B6212A41746D957007B5C7C /* SCB_Icon_iPhone4.png */; };
		5B6212A91746D957007B5C7C /* SCB_Icon_iTunes.png in Resources */ = {isa = PBXBuildFile; fileRef = 5B6212A51746D957007B5C7C /* SCB_Icon_iTunes.png */; };
		5B6212B51746DA00007B5C7C /* home_background_landscape.png in Resources */ = {isa = PBXBuildFile; fileRef = 5B6212AA1746DA00007B5C7C /* home_background_landscape.png */; };
		5B6212B61746DA00007B5C7C /* home_background_portrait.png in Resources */ = {isa = PBXBuildFile; fileRef = 5B6212AB1746DA00007B5C7C /* home_background_portrait.png */; };
		5B6212B71746DA00007B5C7C /* Icon-72.png in Resources */ = {isa = PBXBuildFile; fileRef = 5B6212AC1746DA00007B5C7C /* Icon-72.png */; };
		5B6212B81746DA00007B5C7C /* Icon-72@2x.png in Resources */ = {isa = PBXBuildFile; fileRef = 5B6212AD1746DA00007B5C7C /* Icon-72@2x.png */; };
		5B6212B91746DA00007B5C7C /* iPad_Login_bouton_Background.png in Resources */ = {isa = PBXBuildFile; fileRef = 5B6212AE1746DA00007B5C7C /* iPad_Login_bouton_Background.png */; };
		5B6212BA1746DA00007B5C7C /* iPad_Login_bouton_button.png in Resources */ = {isa = PBXBuildFile; fileRef = 5B6212AF1746DA00007B5C7C /* iPad_Login_bouton_button.png */; };
		5B6212BB1746DA00007B5C7C /* iPad_Login_bouton_icon.png in Resources */ = {isa = PBXBuildFile; fileRef = 5B6212B01746DA00007B5C7C /* iPad_Login_bouton_icon.png */; };
		5B6212BC1746DA00007B5C7C /* iPad_Login_bouton_SignIn.png in Resources */ = {isa = PBXBuildFile; fileRef = 5B6212B11746DA00007B5C7C /* iPad_Login_bouton_SignIn.png */; };
		5B6212BD1746DA00007B5C7C /* iPad_MCG_background_landscape.png in Resources */ = {isa = PBXBuildFile; fileRef = 5B6212B21746DA00007B5C7C /* iPad_MCG_background_landscape.png */; };
		5B6212BE1746DA00007B5C7C /* iPad_MCG_background_portrait.png in Resources */ = {isa = PBXBuildFile; fileRef = 5B6212B31746DA00007B5C7C /* iPad_MCG_background_portrait.png */; };
		5B6212BF1746DA00007B5C7C /* iPad_MCG@2x.png in Resources */ = {isa = PBXBuildFile; fileRef = 5B6212B41746DA00007B5C7C /* iPad_MCG@2x.png */; };
		5B6212C11746DA61007B5C7C /* MainStoryboard.storyboard in Resources */ = {isa = PBXBuildFile; fileRef = 5B6212C01746DA61007B5C7C /* MainStoryboard.storyboard */; };
		5B7E6DBA17670DF3008286D4 /* ReportDataFeed.m in Sources */ = {isa = PBXBuildFile; fileRef = 5B7E6DB917670DF3008286D4 /* ReportDataFeed.m */; };
		5B7E6DBD17670F2E008286D4 /* LoanModel.m in Sources */ = {isa = PBXBuildFile; fileRef = 5B7E6DBC17670F2D008286D4 /* LoanModel.m */; };
		5B7E6DC017670F71008286D4 /* LocationModel.m in Sources */ = {isa = PBXBuildFile; fileRef = 5B7E6DBF17670F71008286D4 /* LocationModel.m */; };
		5B7E6DEC1767334B008286D4 /* HcpChoice.m in Sources */ = {isa = PBXBuildFile; fileRef = 5B7E6DEB17673343008286D4 /* HcpChoice.m */; };
		5B8C8A9C174D39070088C4F0 /* JSONModel.m in Sources */ = {isa = PBXBuildFile; fileRef = 5B8C8A85174D39070088C4F0 /* JSONModel.m */; };
		5B8C8A9D174D39070088C4F0 /* JSONModelArray.m in Sources */ = {isa = PBXBuildFile; fileRef = 5B8C8A87174D39070088C4F0 /* JSONModelArray.m */; };
		5B8C8A9E174D39070088C4F0 /* JSONModelClassProperty.m in Sources */ = {isa = PBXBuildFile; fileRef = 5B8C8A89174D39070088C4F0 /* JSONModelClassProperty.m */; };
		5B8C8A9F174D39070088C4F0 /* JSONModelError.m in Sources */ = {isa = PBXBuildFile; fileRef = 5B8C8A8B174D39070088C4F0 /* JSONModelError.m */; };
		5B8C8AA0174D39070088C4F0 /* NSArray+JSONModel.m in Sources */ = {isa = PBXBuildFile; fileRef = 5B8C8A8E174D39070088C4F0 /* NSArray+JSONModel.m */; };
		5B8C8AA1174D39070088C4F0 /* JSONAPI.m in Sources */ = {isa = PBXBuildFile; fileRef = 5B8C8A92174D39070088C4F0 /* JSONAPI.m */; };
		5B8C8AA2174D39070088C4F0 /* JSONHTTPClient.m in Sources */ = {isa = PBXBuildFile; fileRef = 5B8C8A94174D39070088C4F0 /* JSONHTTPClient.m */; };
		5B8C8AA3174D39070088C4F0 /* JSONModel+networking.m in Sources */ = {isa = PBXBuildFile; fileRef = 5B8C8A96174D39070088C4F0 /* JSONModel+networking.m */; };
		5B8C8AA4174D39070088C4F0 /* JSONKeyMapper.m in Sources */ = {isa = PBXBuildFile; fileRef = 5B8C8A99174D39070088C4F0 /* JSONKeyMapper.m */; };
		5B8C8AA5174D39070088C4F0 /* JSONValueTransformer.m in Sources */ = {isa = PBXBuildFile; fileRef = 5B8C8A9B174D39070088C4F0 /* JSONValueTransformer.m */; };
		5B96673417678A2E0017F0E4 /* ProductChoice.m in Sources */ = {isa = PBXBuildFile; fileRef = 5B96673317678A2E0017F0E4 /* ProductChoice.m */; };
		5B9667371768C41C0017F0E4 /* HcpAdditionalDetails.m in Sources */ = {isa = PBXBuildFile; fileRef = 5B9667361768C41C0017F0E4 /* HcpAdditionalDetails.m */; };
		5BBBD89F17552E9E002A3E11 /* HomeViewController.m in Sources */ = {isa = PBXBuildFile; fileRef = 5BBBD89E17552E9D002A3E11 /* HomeViewController.m */; };
		5BBD28F9175FA44500AD9FF4 /* ReportUsage.m in Sources */ = {isa = PBXBuildFile; fileRef = 5BBD28F8175FA44500AD9FF4 /* ReportUsage.m */; };
		5BBD28FC175FA45C00AD9FF4 /* ReportTeam.m in Sources */ = {isa = PBXBuildFile; fileRef = 5BBD28FB175FA45C00AD9FF4 /* ReportTeam.m */; };
		5BCB1B7B1747A25800816AF7 /* OrderViewController.m in Sources */ = {isa = PBXBuildFile; fileRef = 5BCB1B7A1747A25800816AF7 /* OrderViewController.m */; };
		5BCB1B811747A2DB00816AF7 /* LoginViewController.m in Sources */ = {isa = PBXBuildFile; fileRef = 5BCB1B801747A2DB00816AF7 /* LoginViewController.m */; };
		5BCB1B871747A31100816AF7 /* HcpListViewController.m in Sources */ = {isa = PBXBuildFile; fileRef = 5BCB1B861747A31000816AF7 /* HcpListViewController.m */; };
		5BCB1B8A1747A32E00816AF7 /* SyncViewController_iPad.m in Sources */ = {isa = PBXBuildFile; fileRef = 5BCB1B891747A32E00816AF7 /* SyncViewController_iPad.m */; };
		5BD83539174AE96E00DA8B5A /* fr.lproj in Resources */ = {isa = PBXBuildFile; fileRef = 5BD83538174AE96D00DA8B5A /* fr.lproj */; };
		5BD8353B174AE98400DA8B5A /* Icons in Resources */ = {isa = PBXBuildFile; fileRef = 5BD8353A174AE98300DA8B5A /* Icons */; };
		5BE091E81784851C0035F51B /* ConvertRequestToOrder.m in Sources */ = {isa = PBXBuildFile; fileRef = 5BE091E71784851C0035F51B /* ConvertRequestToOrder.m */; };
		5BE39223174BC9CA005B40D2 /* OrderDetailViewController_iPad.m in Sources */ = {isa = PBXBuildFile; fileRef = 5BE39222174BC9C9005B40D2 /* OrderDetailViewController_iPad.m */; };
		5BE39226174BE9D1005B40D2 /* HyperlinkLabel.m in Sources */ = {isa = PBXBuildFile; fileRef = 5BE39225174BE9D0005B40D2 /* HyperlinkLabel.m */; };
		5BE39229174BEB83005B40D2 /* IndentTextField.m in Sources */ = {isa = PBXBuildFile; fileRef = 5BE39228174BEB83005B40D2 /* IndentTextField.m */; };
		5BE3922F174BED12005B40D2 /* ReportAllocationUsage.m in Sources */ = {isa = PBXBuildFile; fileRef = 5BE3922E174BED11005B40D2 /* ReportAllocationUsage.m */; };
		5BE39232174BEDC8005B40D2 /* SearchbarWithOptions.m in Sources */ = {isa = PBXBuildFile; fileRef = 5BE39231174BEDC7005B40D2 /* SearchbarWithOptions.m */; };
		5BE39238174BEE76005B40D2 /* SignatureControl.m in Sources */ = {isa = PBXBuildFile; fileRef = 5BE39237174BEE75005B40D2 /* SignatureControl.m */; };
		5BE3923B174BEEF6005B40D2 /* TextField.m in Sources */ = {isa = PBXBuildFile; fileRef = 5BE3923A174BEEF5005B40D2 /* TextField.m */; };
		5BE3923E174BEF7B005B40D2 /* TextInputDialog_iPad.m in Sources */ = {isa = PBXBuildFile; fileRef = 5BE3923D174BEF7A005B40D2 /* TextInputDialog_iPad.m */; };
		5BE39247174C3177005B40D2 /* SampleCupboard_iOS.xcdatamodeld in Sources */ = {isa = PBXBuildFile; fileRef = 5BE39245174C3176005B40D2 /* SampleCupboard_iOS.xcdatamodeld */; };
		5BE39299174CBE6F005B40D2 /* CoreData.framework in Frameworks */ = {isa = PBXBuildFile; fileRef = 5BE39298174CBE6F005B40D2 /* CoreData.framework */; };
		5BEAD0E0174B36A200FBF8B2 /* shoppingcart.png in Resources */ = {isa = PBXBuildFile; fileRef = 5BEAD0DF174B36A200FBF8B2 /* shoppingcart.png */; };
		5BEAD0E5174B379600FBF8B2 /* house.png in Resources */ = {isa = PBXBuildFile; fileRef = 5BEAD0E1174B379500FBF8B2 /* house.png */; };
		5BEAD0E6174B379600FBF8B2 /* man.png in Resources */ = {isa = PBXBuildFile; fileRef = 5BEAD0E2174B379500FBF8B2 /* man.png */; };
		5BEAD0E7174B379600FBF8B2 /* refresh.png in Resources */ = {isa = PBXBuildFile; fileRef = 5BEAD0E3174B379500FBF8B2 /* refresh.png */; };
		5BEAD0E8174B379600FBF8B2 /* trend.png in Resources */ = {isa = PBXBuildFile; fileRef = 5BEAD0E4174B379600FBF8B2 /* trend.png */; };
		5BF4CF831760D86700BB3DBC /* HcpDetailController.m in Sources */ = {isa = PBXBuildFile; fileRef = 5BF4CF821760D86700BB3DBC /* HcpDetailController.m */; };
		5BFC9293175691B200C3AA12 /* ReportViewController.m in Sources */ = {isa = PBXBuildFile; fileRef = 5BFC9292175691B100C3AA12 /* ReportViewController.m */; };
/* End PBXBuildFile section */

/* Begin PBXContainerItemProxy section */
		5B62128F1746D8C6007B5C7C /* PBXContainerItemProxy */ = {
			isa = PBXContainerItemProxy;
			containerPortal = 5B6212511746D8C5007B5C7C /* Project object */;
			proxyType = 1;
			remoteGlobalIDString = 5B6212581746D8C5007B5C7C;
			remoteInfo = SampleCupboard_iOS;
		};
/* End PBXContainerItemProxy section */

/* Begin PBXFileReference section */
		5B0C7898176D4ED100770EDF /* MBProgressHUD.h */ = {isa = PBXFileReference; fileEncoding = 4; lastKnownFileType = sourcecode.c.h; path = MBProgressHUD.h; sourceTree = "<group>"; };
		5B0C7899176D4ED100770EDF /* MBProgressHUD.m */ = {isa = PBXFileReference; fileEncoding = 4; lastKnownFileType = sourcecode.c.objc; path = MBProgressHUD.m; sourceTree = "<group>"; };
		5B10578D176F3C360048513E = {isa = PBXFileReference; lastKnownFileType = wrapper.xcdatamodeld; sourceTree = "<group>"; };
		5B10578E176F3E540048513E /* SampleCupboard_iOS 1.001.xcdatamodel */ = {isa = PBXFileReference; explicitFileType = wrapper.xcdatamodel; path = "SampleCupboard_iOS 1.001.xcdatamodel"; sourceTree = "<group>"; };
		5B10578F176F42F80048513E /* OrderLineItem.h */ = {isa = PBXFileReference; fileEncoding = 4; lastKnownFileType = sourcecode.c.h; path = OrderLineItem.h; sourceTree = "<group>"; };
		5B105790176F42F80048513E /* OrderLineItem.m */ = {isa = PBXFileReference; fileEncoding = 4; lastKnownFileType = sourcecode.c.objc; path = OrderLineItem.m; sourceTree = "<group>"; };
		5B105792176F42F90048513E /* Order.h */ = {isa = PBXFileReference; fileEncoding = 4; lastKnownFileType = sourcecode.c.h; path = Order.h; sourceTree = "<group>"; };
		5B105793176F42F90048513E /* Order.m */ = {isa = PBXFileReference; fileEncoding = 4; lastKnownFileType = sourcecode.c.objc; path = Order.m; sourceTree = "<group>"; };
		5B4988C1175A27B0000AFD31 /* SystemConfiguration.framework */ = {isa = PBXFileReference; lastKnownFileType = wrapper.framework; name = SystemConfiguration.framework; path = System/Library/Frameworks/SystemConfiguration.framework; sourceTree = SDKROOT; };
		5B4988C3175AAC24000AFD31 /* ReportDetailContainer.h */ = {isa = PBXFileReference; fileEncoding = 4; lastKnownFileType = sourcecode.c.h; path = ReportDetailContainer.h; sourceTree = "<group>"; };
		5B4988C4175AAC24000AFD31 /* ReportDetailContainer.m */ = {isa = PBXFileReference; fileEncoding = 4; lastKnownFileType = sourcecode.c.objc; path = ReportDetailContainer.m; sourceTree = "<group>"; };
		5B4DDBCE176E97850015A496 /* my_allocations.png */ = {isa = PBXFileReference; lastKnownFileType = image.png; path = my_allocations.png; sourceTree = "<group>"; };
		5B4DDBCF176E97850015A496 /* my_team.png */ = {isa = PBXFileReference; lastKnownFileType = image.png; path = my_team.png; sourceTree = "<group>"; };
		5B4DDBD0176E97850015A496 /* my_usage.png */ = {isa = PBXFileReference; lastKnownFileType = image.png; path = my_usage.png; sourceTree = "<group>"; };
		5B5085E0174B20460068A71E /* en.lproj */ = {isa = PBXFileReference; lastKnownFileType = folder; path = en.lproj; sourceTree = "<group>"; };
		5B5C53E11757E44D004126D1 /* Reachability.h */ = {isa = PBXFileReference; fileEncoding = 4; lastKnownFileType = sourcecode.c.h; path = Reachability.h; sourceTree = "<group>"; };
		5B5C53E21757E44D004126D1 /* Reachability.m */ = {isa = PBXFileReference; fileEncoding = 4; lastKnownFileType = sourcecode.c.objc; path = Reachability.m; sourceTree = "<group>"; };
		5B6212591746D8C5007B5C7C /* SampleCupboard_iOS.app */ = {isa = PBXFileReference; explicitFileType = wrapper.application; includeInIndex = 0; path = SampleCupboard_iOS.app; sourceTree = BUILT_PRODUCTS_DIR; };
		5B62125C1746D8C5007B5C7C /* UIKit.framework */ = {isa = PBXFileReference; lastKnownFileType = wrapper.framework; name = UIKit.framework; path = System/Library/Frameworks/UIKit.framework; sourceTree = SDKROOT; };
		5B62125E1746D8C5007B5C7C /* Foundation.framework */ = {isa = PBXFileReference; lastKnownFileType = wrapper.framework; name = Foundation.framework; path = System/Library/Frameworks/Foundation.framework; sourceTree = SDKROOT; };
		5B6212601746D8C5007B5C7C /* CoreGraphics.framework */ = {isa = PBXFileReference; lastKnownFileType = wrapper.framework; name = CoreGraphics.framework; path = System/Library/Frameworks/CoreGraphics.framework; sourceTree = SDKROOT; };
		5B6212641746D8C5007B5C7C /* SampleCupboard_iOS-Info.plist */ = {isa = PBXFileReference; lastKnownFileType = text.plist.xml; path = "SampleCupboard_iOS-Info.plist"; sourceTree = "<group>"; };
		5B6212661746D8C5007B5C7C /* en */ = {isa = PBXFileReference; lastKnownFileType = text.plist.strings; name = en; path = en.lproj/InfoPlist.strings; sourceTree = "<group>"; };
		5B6212681746D8C5007B5C7C /* main.m */ = {isa = PBXFileReference; lastKnownFileType = sourcecode.c.objc; path = main.m; sourceTree = "<group>"; };
		5B62126A1746D8C5007B5C7C /* SampleCupboard_iOS-Prefix.pch */ = {isa = PBXFileReference; lastKnownFileType = sourcecode.c.h; path = "SampleCupboard_iOS-Prefix.pch"; sourceTree = "<group>"; };
		5B62126B1746D8C5007B5C7C /* AppDelegate.h */ = {isa = PBXFileReference; lastKnownFileType = sourcecode.c.h; path = AppDelegate.h; sourceTree = "<group>"; };
		5B62126C1746D8C5007B5C7C /* AppDelegate.m */ = {isa = PBXFileReference; lastKnownFileType = sourcecode.c.objc; path = AppDelegate.m; sourceTree = "<group>"; };
		5B62126E1746D8C5007B5C7C /* Default.png */ = {isa = PBXFileReference; lastKnownFileType = image.png; path = Default.png; sourceTree = "<group>"; };
		5B6212701746D8C5007B5C7C /* Default@2x.png */ = {isa = PBXFileReference; lastKnownFileType = image.png; path = "Default@2x.png"; sourceTree = "<group>"; };
		5B6212721746D8C5007B5C7C /* Default-568h@2x.png */ = {isa = PBXFileReference; lastKnownFileType = image.png; path = "Default-568h@2x.png"; sourceTree = "<group>"; };
		5B62127A1746D8C5007B5C7C /* first.png */ = {isa = PBXFileReference; lastKnownFileType = image.png; path = first.png; sourceTree = "<group>"; };
		5B62127C1746D8C5007B5C7C /* first@2x.png */ = {isa = PBXFileReference; lastKnownFileType = image.png; path = "first@2x.png"; sourceTree = "<group>"; };
		5B6212811746D8C5007B5C7C /* second.png */ = {isa = PBXFileReference; lastKnownFileType = image.png; path = second.png; sourceTree = "<group>"; };
		5B6212831746D8C5007B5C7C /* second@2x.png */ = {isa = PBXFileReference; lastKnownFileType = image.png; path = "second@2x.png"; sourceTree = "<group>"; };
		5B62128A1746D8C6007B5C7C /* SampleCupboard_iOSTests.octest */ = {isa = PBXFileReference; explicitFileType = wrapper.cfbundle; includeInIndex = 0; path = SampleCupboard_iOSTests.octest; sourceTree = BUILT_PRODUCTS_DIR; };
		5B62128B1746D8C6007B5C7C /* SenTestingKit.framework */ = {isa = PBXFileReference; lastKnownFileType = wrapper.framework; name = SenTestingKit.framework; path = Library/Frameworks/SenTestingKit.framework; sourceTree = DEVELOPER_DIR; };
		5B6212931746D8C6007B5C7C /* SampleCupboard_iOSTests-Info.plist */ = {isa = PBXFileReference; lastKnownFileType = text.plist.xml; path = "SampleCupboard_iOSTests-Info.plist"; sourceTree = "<group>"; };
		5B6212951746D8C6007B5C7C /* en */ = {isa = PBXFileReference; lastKnownFileType = text.plist.strings; name = en; path = en.lproj/InfoPlist.strings; sourceTree = "<group>"; };
		5B6212971746D8C6007B5C7C /* SampleCupboard_iOSTests.h */ = {isa = PBXFileReference; lastKnownFileType = sourcecode.c.h; path = SampleCupboard_iOSTests.h; sourceTree = "<group>"; };
		5B6212981746D8C6007B5C7C /* SampleCupboard_iOSTests.m */ = {isa = PBXFileReference; lastKnownFileType = sourcecode.c.objc; path = SampleCupboard_iOSTests.m; sourceTree = "<group>"; };
		5B6212A21746D957007B5C7C /* SCB_Icon_iPad29x29.png */ = {isa = PBXFileReference; lastKnownFileType = image.png; path = SCB_Icon_iPad29x29.png; sourceTree = "<group>"; };
		5B6212A31746D957007B5C7C /* SCB_Icon_iPad50x50.png */ = {isa = PBXFileReference; lastKnownFileType = image.png; path = SCB_Icon_iPad50x50.png; sourceTree = "<group>"; };
		5B6212A41746D957007B5C7C /* SCB_Icon_iPhone4.png */ = {isa = PBXFileReference; lastKnownFileType = image.png; path = SCB_Icon_iPhone4.png; sourceTree = "<group>"; };
		5B6212A51746D957007B5C7C /* SCB_Icon_iTunes.png */ = {isa = PBXFileReference; lastKnownFileType = image.png; path = SCB_Icon_iTunes.png; sourceTree = "<group>"; };
		5B6212AA1746DA00007B5C7C /* home_background_landscape.png */ = {isa = PBXFileReference; lastKnownFileType = image.png; path = home_background_landscape.png; sourceTree = "<group>"; };
		5B6212AB1746DA00007B5C7C /* home_background_portrait.png */ = {isa = PBXFileReference; lastKnownFileType = image.png; path = home_background_portrait.png; sourceTree = "<group>"; };
		5B6212AC1746DA00007B5C7C /* Icon-72.png */ = {isa = PBXFileReference; lastKnownFileType = image.png; path = "Icon-72.png"; sourceTree = "<group>"; };
		5B6212AD1746DA00007B5C7C /* Icon-72@2x.png */ = {isa = PBXFileReference; lastKnownFileType = image.png; path = "Icon-72@2x.png"; sourceTree = "<group>"; };
		5B6212AE1746DA00007B5C7C /* iPad_Login_bouton_Background.png */ = {isa = PBXFileReference; lastKnownFileType = image.png; path = iPad_Login_bouton_Background.png; sourceTree = "<group>"; };
		5B6212AF1746DA00007B5C7C /* iPad_Login_bouton_button.png */ = {isa = PBXFileReference; lastKnownFileType = image.png; path = iPad_Login_bouton_button.png; sourceTree = "<group>"; };
		5B6212B01746DA00007B5C7C /* iPad_Login_bouton_icon.png */ = {isa = PBXFileReference; lastKnownFileType = image.png; path = iPad_Login_bouton_icon.png; sourceTree = "<group>"; };
		5B6212B11746DA00007B5C7C /* iPad_Login_bouton_SignIn.png */ = {isa = PBXFileReference; lastKnownFileType = image.png; path = iPad_Login_bouton_SignIn.png; sourceTree = "<group>"; };
		5B6212B21746DA00007B5C7C /* iPad_MCG_background_landscape.png */ = {isa = PBXFileReference; lastKnownFileType = image.png; path = iPad_MCG_background_landscape.png; sourceTree = "<group>"; };
		5B6212B31746DA00007B5C7C /* iPad_MCG_background_portrait.png */ = {isa = PBXFileReference; lastKnownFileType = image.png; path = iPad_MCG_background_portrait.png; sourceTree = "<group>"; };
		5B6212B41746DA00007B5C7C /* iPad_MCG@2x.png */ = {isa = PBXFileReference; lastKnownFileType = image.png; path = "iPad_MCG@2x.png"; sourceTree = "<group>"; };
		5B6212C01746DA61007B5C7C /* MainStoryboard.storyboard */ = {isa = PBXFileReference; fileEncoding = 4; lastKnownFileType = file.storyboard; path = MainStoryboard.storyboard; sourceTree = "<group>"; };
		5B7E6DB817670DF2008286D4 /* ReportDataFeed.h */ = {isa = PBXFileReference; fileEncoding = 4; lastKnownFileType = sourcecode.c.h; path = ReportDataFeed.h; sourceTree = "<group>"; };
		5B7E6DB917670DF3008286D4 /* ReportDataFeed.m */ = {isa = PBXFileReference; fileEncoding = 4; lastKnownFileType = sourcecode.c.objc; path = ReportDataFeed.m; sourceTree = "<group>"; };
		5B7E6DBB17670F2D008286D4 /* LoanModel.h */ = {isa = PBXFileReference; fileEncoding = 4; lastKnownFileType = sourcecode.c.h; path = LoanModel.h; sourceTree = "<group>"; };
		5B7E6DBC17670F2D008286D4 /* LoanModel.m */ = {isa = PBXFileReference; fileEncoding = 4; lastKnownFileType = sourcecode.c.objc; path = LoanModel.m; sourceTree = "<group>"; };
		5B7E6DBE17670F71008286D4 /* LocationModel.h */ = {isa = PBXFileReference; fileEncoding = 4; lastKnownFileType = sourcecode.c.h; path = LocationModel.h; sourceTree = "<group>"; };
		5B7E6DBF17670F71008286D4 /* LocationModel.m */ = {isa = PBXFileReference; fileEncoding = 4; lastKnownFileType = sourcecode.c.objc; path = LocationModel.m; sourceTree = "<group>"; };
		5B7E6DEA1767333F008286D4 /* HcpChoice.h */ = {isa = PBXFileReference; fileEncoding = 4; lastKnownFileType = sourcecode.c.h; path = HcpChoice.h; sourceTree = "<group>"; };
		5B7E6DEB17673343008286D4 /* HcpChoice.m */ = {isa = PBXFileReference; fileEncoding = 4; lastKnownFileType = sourcecode.c.objc; path = HcpChoice.m; sourceTree = "<group>"; };
		5B8C8A84174D39070088C4F0 /* JSONModel.h */ = {isa = PBXFileReference; fileEncoding = 4; lastKnownFileType = sourcecode.c.h; path = JSONModel.h; sourceTree = "<group>"; };
		5B8C8A85174D39070088C4F0 /* JSONModel.m */ = {isa = PBXFileReference; fileEncoding = 4; lastKnownFileType = sourcecode.c.objc; path = JSONModel.m; sourceTree = "<group>"; };
		5B8C8A86174D39070088C4F0 /* JSONModelArray.h */ = {isa = PBXFileReference; fileEncoding = 4; lastKnownFileType = sourcecode.c.h; path = JSONModelArray.h; sourceTree = "<group>"; };
		5B8C8A87174D39070088C4F0 /* JSONModelArray.m */ = {isa = PBXFileReference; fileEncoding = 4; lastKnownFileType = sourcecode.c.objc; path = JSONModelArray.m; sourceTree = "<group>"; };
		5B8C8A88174D39070088C4F0 /* JSONModelClassProperty.h */ = {isa = PBXFileReference; fileEncoding = 4; lastKnownFileType = sourcecode.c.h; path = JSONModelClassProperty.h; sourceTree = "<group>"; };
		5B8C8A89174D39070088C4F0 /* JSONModelClassProperty.m */ = {isa = PBXFileReference; fileEncoding = 4; lastKnownFileType = sourcecode.c.objc; path = JSONModelClassProperty.m; sourceTree = "<group>"; };
		5B8C8A8A174D39070088C4F0 /* JSONModelError.h */ = {isa = PBXFileReference; fileEncoding = 4; lastKnownFileType = sourcecode.c.h; path = JSONModelError.h; sourceTree = "<group>"; };
		5B8C8A8B174D39070088C4F0 /* JSONModelError.m */ = {isa = PBXFileReference; fileEncoding = 4; lastKnownFileType = sourcecode.c.objc; path = JSONModelError.m; sourceTree = "<group>"; };
		5B8C8A8D174D39070088C4F0 /* NSArray+JSONModel.h */ = {isa = PBXFileReference; fileEncoding = 4; lastKnownFileType = sourcecode.c.h; path = "NSArray+JSONModel.h"; sourceTree = "<group>"; };
		5B8C8A8E174D39070088C4F0 /* NSArray+JSONModel.m */ = {isa = PBXFileReference; fileEncoding = 4; lastKnownFileType = sourcecode.c.objc; path = "NSArray+JSONModel.m"; sourceTree = "<group>"; };
		5B8C8A8F174D39070088C4F0 /* JSONModelLib.h */ = {isa = PBXFileReference; fileEncoding = 4; lastKnownFileType = sourcecode.c.h; path = JSONModelLib.h; sourceTree = "<group>"; };
		5B8C8A91174D39070088C4F0 /* JSONAPI.h */ = {isa = PBXFileReference; fileEncoding = 4; lastKnownFileType = sourcecode.c.h; path = JSONAPI.h; sourceTree = "<group>"; };
		5B8C8A92174D39070088C4F0 /* JSONAPI.m */ = {isa = PBXFileReference; fileEncoding = 4; lastKnownFileType = sourcecode.c.objc; path = JSONAPI.m; sourceTree = "<group>"; };
		5B8C8A93174D39070088C4F0 /* JSONHTTPClient.h */ = {isa = PBXFileReference; fileEncoding = 4; lastKnownFileType = sourcecode.c.h; path = JSONHTTPClient.h; sourceTree = "<group>"; };
		5B8C8A94174D39070088C4F0 /* JSONHTTPClient.m */ = {isa = PBXFileReference; fileEncoding = 4; lastKnownFileType = sourcecode.c.objc; path = JSONHTTPClient.m; sourceTree = "<group>"; };
		5B8C8A95174D39070088C4F0 /* JSONModel+networking.h */ = {isa = PBXFileReference; fileEncoding = 4; lastKnownFileType = sourcecode.c.h; path = "JSONModel+networking.h"; sourceTree = "<group>"; };
		5B8C8A96174D39070088C4F0 /* JSONModel+networking.m */ = {isa = PBXFileReference; fileEncoding = 4; lastKnownFileType = sourcecode.c.objc; path = "JSONModel+networking.m"; sourceTree = "<group>"; };
		5B8C8A98174D39070088C4F0 /* JSONKeyMapper.h */ = {isa = PBXFileReference; fileEncoding = 4; lastKnownFileType = sourcecode.c.h; path = JSONKeyMapper.h; sourceTree = "<group>"; };
		5B8C8A99174D39070088C4F0 /* JSONKeyMapper.m */ = {isa = PBXFileReference; fileEncoding = 4; lastKnownFileType = sourcecode.c.objc; path = JSONKeyMapper.m; sourceTree = "<group>"; };
		5B8C8A9A174D39070088C4F0 /* JSONValueTransformer.h */ = {isa = PBXFileReference; fileEncoding = 4; lastKnownFileType = sourcecode.c.h; path = JSONValueTransformer.h; sourceTree = "<group>"; };
		5B8C8A9B174D39070088C4F0 /* JSONValueTransformer.m */ = {isa = PBXFileReference; fileEncoding = 4; lastKnownFileType = sourcecode.c.objc; path = JSONValueTransformer.m; sourceTree = "<group>"; };
		5B96673217678A2E0017F0E4 /* ProductChoice.h */ = {isa = PBXFileReference; fileEncoding = 4; lastKnownFileType = sourcecode.c.h; path = ProductChoice.h; sourceTree = "<group>"; };
		5B96673317678A2E0017F0E4 /* ProductChoice.m */ = {isa = PBXFileReference; fileEncoding = 4; lastKnownFileType = sourcecode.c.objc; path = ProductChoice.m; sourceTree = "<group>"; };
		5B9667351768C41C0017F0E4 /* HcpAdditionalDetails.h */ = {isa = PBXFileReference; fileEncoding = 4; lastKnownFileType = sourcecode.c.h; path = HcpAdditionalDetails.h; sourceTree = "<group>"; };
		5B9667361768C41C0017F0E4 /* HcpAdditionalDetails.m */ = {isa = PBXFileReference; fileEncoding = 4; lastKnownFileType = sourcecode.c.objc; path = HcpAdditionalDetails.m; sourceTree = "<group>"; };
		5BBBD89D17552E9D002A3E11 /* HomeViewController.h */ = {isa = PBXFileReference; fileEncoding = 4; lastKnownFileType = sourcecode.c.h; path = HomeViewController.h; sourceTree = "<group>"; };
		5BBBD89E17552E9D002A3E11 /* HomeViewController.m */ = {isa = PBXFileReference; fileEncoding = 4; lastKnownFileType = sourcecode.c.objc; path = HomeViewController.m; sourceTree = "<group>"; };
		5BBD28F7175FA44500AD9FF4 /* ReportUsage.h */ = {isa = PBXFileReference; fileEncoding = 4; lastKnownFileType = sourcecode.c.h; path = ReportUsage.h; sourceTree = "<group>"; };
		5BBD28F8175FA44500AD9FF4 /* ReportUsage.m */ = {isa = PBXFileReference; fileEncoding = 4; lastKnownFileType = sourcecode.c.objc; path = ReportUsage.m; sourceTree = "<group>"; };
		5BBD28FA175FA45C00AD9FF4 /* ReportTeam.h */ = {isa = PBXFileReference; fileEncoding = 4; lastKnownFileType = sourcecode.c.h; path = ReportTeam.h; sourceTree = "<group>"; };
		5BBD28FB175FA45C00AD9FF4 /* ReportTeam.m */ = {isa = PBXFileReference; fileEncoding = 4; lastKnownFileType = sourcecode.c.objc; path = ReportTeam.m; sourceTree = "<group>"; };
		5BCB1B791747A25800816AF7 /* OrderViewController.h */ = {isa = PBXFileReference; fileEncoding = 4; lastKnownFileType = sourcecode.c.h; path = OrderViewController.h; sourceTree = "<group>"; };
		5BCB1B7A1747A25800816AF7 /* OrderViewController.m */ = {isa = PBXFileReference; fileEncoding = 4; lastKnownFileType = sourcecode.c.objc; path = OrderViewController.m; sourceTree = "<group>"; };
		5BCB1B7F1747A2DB00816AF7 /* LoginViewController.h */ = {isa = PBXFileReference; fileEncoding = 4; lastKnownFileType = sourcecode.c.h; path = LoginViewController.h; sourceTree = "<group>"; };
		5BCB1B801747A2DB00816AF7 /* LoginViewController.m */ = {isa = PBXFileReference; fileEncoding = 4; lastKnownFileType = sourcecode.c.objc; path = LoginViewController.m; sourceTree = "<group>"; };
		5BCB1B851747A31000816AF7 /* HcpListViewController.h */ = {isa = PBXFileReference; fileEncoding = 4; lastKnownFileType = sourcecode.c.h; path = HcpListViewController.h; sourceTree = "<group>"; };
		5BCB1B861747A31000816AF7 /* HcpListViewController.m */ = {isa = PBXFileReference; fileEncoding = 4; lastKnownFileType = sourcecode.c.objc; path = HcpListViewController.m; sourceTree = "<group>"; };
		5BCB1B881747A32E00816AF7 /* SyncViewController_iPad.h */ = {isa = PBXFileReference; fileEncoding = 4; lastKnownFileType = sourcecode.c.h; path = SyncViewController_iPad.h; sourceTree = "<group>"; };
		5BCB1B891747A32E00816AF7 /* SyncViewController_iPad.m */ = {isa = PBXFileReference; fileEncoding = 4; lastKnownFileType = sourcecode.c.objc; path = SyncViewController_iPad.m; sourceTree = "<group>"; };
		5BD83538174AE96D00DA8B5A /* fr.lproj */ = {isa = PBXFileReference; lastKnownFileType = folder; path = fr.lproj; sourceTree = "<group>"; };
		5BD8353A174AE98300DA8B5A /* Icons */ = {isa = PBXFileReference; lastKnownFileType = folder; path = Icons; sourceTree = "<group>"; };
		5BE091E61784851C0035F51B /* ConvertRequestToOrder.h */ = {isa = PBXFileReference; fileEncoding = 4; lastKnownFileType = sourcecode.c.h; path = ConvertRequestToOrder.h; sourceTree = "<group>"; };
		5BE091E71784851C0035F51B /* ConvertRequestToOrder.m */ = {isa = PBXFileReference; fileEncoding = 4; lastKnownFileType = sourcecode.c.objc; path = ConvertRequestToOrder.m; sourceTree = "<group>"; };
		5BE39221174BC9C7005B40D2 /* OrderDetailViewController_iPad.h */ = {isa = PBXFileReference; fileEncoding = 4; lastKnownFileType = sourcecode.c.h; path = OrderDetailViewController_iPad.h; sourceTree = "<group>"; };
		5BE39222174BC9C9005B40D2 /* OrderDetailViewController_iPad.m */ = {isa = PBXFileReference; fileEncoding = 4; lastKnownFileType = sourcecode.c.objc; path = OrderDetailViewController_iPad.m; sourceTree = "<group>"; };
		5BE39224174BE9D0005B40D2 /* HyperlinkLabel.h */ = {isa = PBXFileReference; fileEncoding = 4; lastKnownFileType = sourcecode.c.h; path = HyperlinkLabel.h; sourceTree = "<group>"; };
		5BE39225174BE9D0005B40D2 /* HyperlinkLabel.m */ = {isa = PBXFileReference; fileEncoding = 4; lastKnownFileType = sourcecode.c.objc; path = HyperlinkLabel.m; sourceTree = "<group>"; };
		5BE39227174BEB83005B40D2 /* IndentTextField.h */ = {isa = PBXFileReference; fileEncoding = 4; lastKnownFileType = sourcecode.c.h; path = IndentTextField.h; sourceTree = "<group>"; };
		5BE39228174BEB83005B40D2 /* IndentTextField.m */ = {isa = PBXFileReference; fileEncoding = 4; lastKnownFileType = sourcecode.c.objc; path = IndentTextField.m; sourceTree = "<group>"; };
		5BE3922D174BED10005B40D2 /* ReportAllocationUsage.h */ = {isa = PBXFileReference; fileEncoding = 4; lastKnownFileType = sourcecode.c.h; path = ReportAllocationUsage.h; sourceTree = "<group>"; };
		5BE3922E174BED11005B40D2 /* ReportAllocationUsage.m */ = {isa = PBXFileReference; fileEncoding = 4; lastKnownFileType = sourcecode.c.objc; path = ReportAllocationUsage.m; sourceTree = "<group>"; };
		5BE39230174BEDC6005B40D2 /* SearchbarWithOptions.h */ = {isa = PBXFileReference; fileEncoding = 4; lastKnownFileType = sourcecode.c.h; path = SearchbarWithOptions.h; sourceTree = "<group>"; };
		5BE39231174BEDC7005B40D2 /* SearchbarWithOptions.m */ = {isa = PBXFileReference; fileEncoding = 4; lastKnownFileType = sourcecode.c.objc; path = SearchbarWithOptions.m; sourceTree = "<group>"; };
		5BE39236174BEE74005B40D2 /* SignatureControl.h */ = {isa = PBXFileReference; fileEncoding = 4; lastKnownFileType = sourcecode.c.h; path = SignatureControl.h; sourceTree = "<group>"; };
		5BE39237174BEE75005B40D2 /* SignatureControl.m */ = {isa = PBXFileReference; fileEncoding = 4; lastKnownFileType = sourcecode.c.objc; path = SignatureControl.m; sourceTree = "<group>"; };
		5BE39239174BEEF3005B40D2 /* TextField.h */ = {isa = PBXFileReference; fileEncoding = 4; lastKnownFileType = sourcecode.c.h; path = TextField.h; sourceTree = "<group>"; };
		5BE3923A174BEEF5005B40D2 /* TextField.m */ = {isa = PBXFileReference; fileEncoding = 4; lastKnownFileType = sourcecode.c.objc; path = TextField.m; sourceTree = "<group>"; };
		5BE3923C174BEF79005B40D2 /* TextInputDialog_iPad.h */ = {isa = PBXFileReference; fileEncoding = 4; lastKnownFileType = sourcecode.c.h; path = TextInputDialog_iPad.h; sourceTree = "<group>"; };
		5BE3923D174BEF7A005B40D2 /* TextInputDialog_iPad.m */ = {isa = PBXFileReference; fileEncoding = 4; lastKnownFileType = sourcecode.c.objc; path = TextInputDialog_iPad.m; sourceTree = "<group>"; };
		5BE39246174C3177005B40D2 /* SampleCupboard_iOS.xcdatamodel */ = {isa = PBXFileReference; lastKnownFileType = wrapper.xcdatamodel; path = SampleCupboard_iOS.xcdatamodel; sourceTree = "<group>"; };
		5BE39298174CBE6F005B40D2 /* CoreData.framework */ = {isa = PBXFileReference; lastKnownFileType = wrapper.framework; name = CoreData.framework; path = System/Library/Frameworks/CoreData.framework; sourceTree = SDKROOT; };
		5BEAD0DF174B36A200FBF8B2 /* shoppingcart.png */ = {isa = PBXFileReference; lastKnownFileType = image.png; path = shoppingcart.png; sourceTree = "<group>"; };
		5BEAD0E1174B379500FBF8B2 /* house.png */ = {isa = PBXFileReference; lastKnownFileType = image.png; name = house.png; path = Images/house.png; sourceTree = "<group>"; };
		5BEAD0E2174B379500FBF8B2 /* man.png */ = {isa = PBXFileReference; lastKnownFileType = image.png; name = man.png; path = Images/man.png; sourceTree = "<group>"; };
		5BEAD0E3174B379500FBF8B2 /* refresh.png */ = {isa = PBXFileReference; lastKnownFileType = image.png; name = refresh.png; path = Images/refresh.png; sourceTree = "<group>"; };
		5BEAD0E4174B379600FBF8B2 /* trend.png */ = {isa = PBXFileReference; lastKnownFileType = image.png; name = trend.png; path = Images/trend.png; sourceTree = "<group>"; };
		5BF4CF811760D86700BB3DBC /* HcpDetailController.h */ = {isa = PBXFileReference; fileEncoding = 4; lastKnownFileType = sourcecode.c.h; path = HcpDetailController.h; sourceTree = "<group>"; };
		5BF4CF821760D86700BB3DBC /* HcpDetailController.m */ = {isa = PBXFileReference; fileEncoding = 4; lastKnownFileType = sourcecode.c.objc; path = HcpDetailController.m; sourceTree = "<group>"; };
		5BFC9291175691B100C3AA12 /* ReportViewController.h */ = {isa = PBXFileReference; fileEncoding = 4; lastKnownFileType = sourcecode.c.h; path = ReportViewController.h; sourceTree = "<group>"; };
		5BFC9292175691B100C3AA12 /* ReportViewController.m */ = {isa = PBXFileReference; fileEncoding = 4; lastKnownFileType = sourcecode.c.objc; path = ReportViewController.m; sourceTree = "<group>"; };
/* End PBXFileReference section */

/* Begin PBXFrameworksBuildPhase section */
		5B6212561746D8C5007B5C7C /* Frameworks */ = {
			isa = PBXFrameworksBuildPhase;
			buildActionMask = 2147483647;
			files = (
				5B6212611746D8C5007B5C7C /* CoreGraphics.framework in Frameworks */,
				5B4988C2175A27B0000AFD31 /* SystemConfiguration.framework in Frameworks */,
				5BE39299174CBE6F005B40D2 /* CoreData.framework in Frameworks */,
				5B62125D1746D8C5007B5C7C /* UIKit.framework in Frameworks */,
				5B62125F1746D8C5007B5C7C /* Foundation.framework in Frameworks */,
			);
			runOnlyForDeploymentPostprocessing = 0;
		};
		5B6212861746D8C6007B5C7C /* Frameworks */ = {
			isa = PBXFrameworksBuildPhase;
			buildActionMask = 2147483647;
			files = (
				5B0C7895176D4C6500770EDF /* CoreGraphics.framework in Frameworks */,
				5B62128C1746D8C6007B5C7C /* SenTestingKit.framework in Frameworks */,
				5B62128D1746D8C6007B5C7C /* UIKit.framework in Frameworks */,
				5B62128E1746D8C6007B5C7C /* Foundation.framework in Frameworks */,
			);
			runOnlyForDeploymentPostprocessing = 0;
		};
/* End PBXFrameworksBuildPhase section */

/* Begin PBXGroup section */
		5B5C53E01757DB8A004126D1 /* Utility Classes */ = {
			isa = PBXGroup;
			children = (
				5BE39230174BEDC6005B40D2 /* SearchbarWithOptions.h */,
				5BE39231174BEDC7005B40D2 /* SearchbarWithOptions.m */,
				5BE39236174BEE74005B40D2 /* SignatureControl.h */,
				5BE39237174BEE75005B40D2 /* SignatureControl.m */,
				5BE39239174BEEF3005B40D2 /* TextField.h */,
				5BE3923A174BEEF5005B40D2 /* TextField.m */,
				5BE3923C174BEF79005B40D2 /* TextInputDialog_iPad.h */,
				5BE3923D174BEF7A005B40D2 /* TextInputDialog_iPad.m */,
				5B5C53E11757E44D004126D1 /* Reachability.h */,
				5B5C53E21757E44D004126D1 /* Reachability.m */,
				5B0C7898176D4ED100770EDF /* MBProgressHUD.h */,
				5B0C7899176D4ED100770EDF /* MBProgressHUD.m */,
				5BE091E61784851C0035F51B /* ConvertRequestToOrder.h */,
				5BE091E71784851C0035F51B /* ConvertRequestToOrder.m */,
			);
			name = "Utility Classes";
			sourceTree = "<group>";
		};
		5B6212501746D8C5007B5C7C = {
			isa = PBXGroup;
			children = (
				5B4988C1175A27B0000AFD31 /* SystemConfiguration.framework */,
				5B6212621746D8C5007B5C7C /* SampleCupboard_iOS */,
				5B6212911746D8C6007B5C7C /* SampleCupboard_iOSTests */,
				5B62125B1746D8C5007B5C7C /* Frameworks */,
				5B62125A1746D8C5007B5C7C /* Products */,
			);
			sourceTree = "<group>";
		};
		5B62125A1746D8C5007B5C7C /* Products */ = {
			isa = PBXGroup;
			children = (
				5B6212591746D8C5007B5C7C /* SampleCupboard_iOS.app */,
				5B62128A1746D8C6007B5C7C /* SampleCupboard_iOSTests.octest */,
			);
			name = Products;
			sourceTree = "<group>";
		};
		5B62125B1746D8C5007B5C7C /* Frameworks */ = {
			isa = PBXGroup;
			children = (
				5BE39298174CBE6F005B40D2 /* CoreData.framework */,
				5B62125C1746D8C5007B5C7C /* UIKit.framework */,
				5B62125E1746D8C5007B5C7C /* Foundation.framework */,
				5B6212601746D8C5007B5C7C /* CoreGraphics.framework */,
				5B62128B1746D8C6007B5C7C /* SenTestingKit.framework */,
			);
			name = Frameworks;
			sourceTree = "<group>";
		};
		5B6212621746D8C5007B5C7C /* SampleCupboard_iOS */ = {
			isa = PBXGroup;
			children = (
				5BAA91AA176C1BAB00969C20 /* Images */,
				5B8C8A82174D39070088C4F0 /* JSONModel */,
				5B5C53E01757DB8A004126D1 /* Utility Classes */,
				5B5085E0174B20460068A71E /* en.lproj */,
				5BD8353A174AE98300DA8B5A /* Icons */,
				5BD83538174AE96D00DA8B5A /* fr.lproj */,
				5B6212C01746DA61007B5C7C /* MainStoryboard.storyboard */,
				5B62126C1746D8C5007B5C7C /* AppDelegate.m */,
				5B62126B1746D8C5007B5C7C /* AppDelegate.h */,
				5BAA91AB176C2FD900969C20 /* Login_Controller */,
				5BAA91AD176C305300969C20 /* Home_Controller */,
				5BAA91AE176C30BF00969C20 /* Order_Controller */,
				5BAA91AF176C310B00969C20 /* Hcp_Controller */,
				5BAA91B0176C31A100969C20 /* Sync_Controller */,
				5BAA91B1176C320600969C20 /* Report_Controller */,
				5B6212631746D8C5007B5C7C /* Supporting Files */,
				5BAA91A9176C15C900969C20 /* Model */,
				5BB81560175DA81100DACE0B /* Reporting */,
			);
			path = SampleCupboard_iOS;
			sourceTree = "<group>";
		};
		5B6212631746D8C5007B5C7C /* Supporting Files */ = {
			isa = PBXGroup;
			children = (
				5B6212641746D8C5007B5C7C /* SampleCupboard_iOS-Info.plist */,
				5B6212651746D8C5007B5C7C /* InfoPlist.strings */,
				5B6212681746D8C5007B5C7C /* main.m */,
				5B62126A1746D8C5007B5C7C /* SampleCupboard_iOS-Prefix.pch */,
				5B62126E1746D8C5007B5C7C /* Default.png */,
				5B6212701746D8C5007B5C7C /* Default@2x.png */,
				5B6212721746D8C5007B5C7C /* Default-568h@2x.png */,
			);
			name = "Supporting Files";
			sourceTree = "<group>";
		};
		5B6212911746D8C6007B5C7C /* SampleCupboard_iOSTests */ = {
			isa = PBXGroup;
			children = (
				5B6212971746D8C6007B5C7C /* SampleCupboard_iOSTests.h */,
				5B6212981746D8C6007B5C7C /* SampleCupboard_iOSTests.m */,
				5B6212921746D8C6007B5C7C /* Supporting Files */,
			);
			path = SampleCupboard_iOSTests;
			sourceTree = "<group>";
		};
		5B6212921746D8C6007B5C7C /* Supporting Files */ = {
			isa = PBXGroup;
			children = (
				5B6212931746D8C6007B5C7C /* SampleCupboard_iOSTests-Info.plist */,
				5B6212941746D8C6007B5C7C /* InfoPlist.strings */,
			);
			name = "Supporting Files";
			sourceTree = "<group>";
		};
		5B7E6DE917672AE6008286D4 /* model */ = {
			isa = PBXGroup;
			children = (
				5B7E6DBF17670F71008286D4 /* LocationModel.m */,
				5B7E6DBE17670F71008286D4 /* LocationModel.h */,
				5B7E6DBB17670F2D008286D4 /* LoanModel.h */,
				5B7E6DBC17670F2D008286D4 /* LoanModel.m */,
			);
			name = model;
			sourceTree = "<group>";
		};
		5B8C8A82174D39070088C4F0 /* JSONModel */ = {
			isa = PBXGroup;
			children = (
				5B8C8A83174D39070088C4F0 /* JSONModel */,
				5B8C8A8C174D39070088C4F0 /* JSONModelCategories */,
				5B8C8A8F174D39070088C4F0 /* JSONModelLib.h */,
				5B8C8A90174D39070088C4F0 /* JSONModelNetworking */,
				5B8C8A97174D39070088C4F0 /* JSONModelTransformations */,
			);
			path = JSONModel;
			sourceTree = "<group>";
		};
		5B8C8A83174D39070088C4F0 /* JSONModel */ = {
			isa = PBXGroup;
			children = (
				5B8C8A84174D39070088C4F0 /* JSONModel.h */,
				5B8C8A85174D39070088C4F0 /* JSONModel.m */,
				5B8C8A86174D39070088C4F0 /* JSONModelArray.h */,
				5B8C8A87174D39070088C4F0 /* JSONModelArray.m */,
				5B8C8A88174D39070088C4F0 /* JSONModelClassProperty.h */,
				5B8C8A89174D39070088C4F0 /* JSONModelClassProperty.m */,
				5B8C8A8A174D39070088C4F0 /* JSONModelError.h */,
				5B8C8A8B174D39070088C4F0 /* JSONModelError.m */,
			);
			path = JSONModel;
			sourceTree = "<group>";
		};
		5B8C8A8C174D39070088C4F0 /* JSONModelCategories */ = {
			isa = PBXGroup;
			children = (
				5B8C8A8D174D39070088C4F0 /* NSArray+JSONModel.h */,
				5B8C8A8E174D39070088C4F0 /* NSArray+JSONModel.m */,
			);
			path = JSONModelCategories;
			sourceTree = "<group>";
		};
		5B8C8A90174D39070088C4F0 /* JSONModelNetworking */ = {
			isa = PBXGroup;
			children = (
				5B8C8A91174D39070088C4F0 /* JSONAPI.h */,
				5B8C8A92174D39070088C4F0 /* JSONAPI.m */,
				5B8C8A93174D39070088C4F0 /* JSONHTTPClient.h */,
				5B8C8A94174D39070088C4F0 /* JSONHTTPClient.m */,
				5B8C8A95174D39070088C4F0 /* JSONModel+networking.h */,
				5B8C8A96174D39070088C4F0 /* JSONModel+networking.m */,
			);
			path = JSONModelNetworking;
			sourceTree = "<group>";
		};
		5B8C8A97174D39070088C4F0 /* JSONModelTransformations */ = {
			isa = PBXGroup;
			children = (
				5B8C8A98174D39070088C4F0 /* JSONKeyMapper.h */,
				5B8C8A99174D39070088C4F0 /* JSONKeyMapper.m */,
				5B8C8A9A174D39070088C4F0 /* JSONValueTransformer.h */,
				5B8C8A9B174D39070088C4F0 /* JSONValueTransformer.m */,
			);
			path = JSONModelTransformations;
			sourceTree = "<group>";
		};
		5BAA91A9176C15C900969C20 /* Model */ = {
			isa = PBXGroup;
			children = (
				5BE39245174C3176005B40D2 /* SampleCupboard_iOS.xcdatamodeld */,
				5B105792176F42F90048513E /* Order.h */,
				5B105793176F42F90048513E /* Order.m */,
				5B10578F176F42F80048513E /* OrderLineItem.h */,
				5B105790176F42F80048513E /* OrderLineItem.m */,
			);
			name = Model;
			sourceTree = "<group>";
		};
		5BAA91AA176C1BAB00969C20 /* Images */ = {
			isa = PBXGroup;
			children = (
				5B4DDBCE176E97850015A496 /* my_allocations.png */,
				5B4DDBCF176E97850015A496 /* my_team.png */,
				5B4DDBD0176E97850015A496 /* my_usage.png */,
				5B62127A1746D8C5007B5C7C /* first.png */,
				5B62127C1746D8C5007B5C7C /* first@2x.png */,
				5B6212811746D8C5007B5C7C /* second.png */,
				5B6212831746D8C5007B5C7C /* second@2x.png */,
				5B6212AA1746DA00007B5C7C /* home_background_landscape.png */,
				5B6212AB1746DA00007B5C7C /* home_background_portrait.png */,
				5B6212AC1746DA00007B5C7C /* Icon-72.png */,
				5B6212AD1746DA00007B5C7C /* Icon-72@2x.png */,
				5B6212AE1746DA00007B5C7C /* iPad_Login_bouton_Background.png */,
				5B6212AF1746DA00007B5C7C /* iPad_Login_bouton_button.png */,
				5B6212B01746DA00007B5C7C /* iPad_Login_bouton_icon.png */,
				5B6212B11746DA00007B5C7C /* iPad_Login_bouton_SignIn.png */,
				5B6212B21746DA00007B5C7C /* iPad_MCG_background_landscape.png */,
				5B6212B31746DA00007B5C7C /* iPad_MCG_background_portrait.png */,
				5B6212B41746DA00007B5C7C /* iPad_MCG@2x.png */,
				5B6212A21746D957007B5C7C /* SCB_Icon_iPad29x29.png */,
				5B6212A41746D957007B5C7C /* SCB_Icon_iPhone4.png */,
				5B6212A31746D957007B5C7C /* SCB_Icon_iPad50x50.png */,
				5B6212A51746D957007B5C7C /* SCB_Icon_iTunes.png */,
				5BEAD0E2174B379500FBF8B2 /* man.png */,
				5BEAD0E3174B379500FBF8B2 /* refresh.png */,
				5BEAD0E4174B379600FBF8B2 /* trend.png */,
				5BEAD0E1174B379500FBF8B2 /* house.png */,
				5BEAD0DF174B36A200FBF8B2 /* shoppingcart.png */,
			);
			name = Images;
			sourceTree = "<group>";
		};
		5BAA91AB176C2FD900969C20 /* Login_Controller */ = {
			isa = PBXGroup;
			children = (
				5BCB1B7F1747A2DB00816AF7 /* LoginViewController.h */,
				5BCB1B801747A2DB00816AF7 /* LoginViewController.m */,
				5BE39227174BEB83005B40D2 /* IndentTextField.h */,
				5BE39228174BEB83005B40D2 /* IndentTextField.m */,
			);
			name = Login_Controller;
			sourceTree = "<group>";
		};
		5BAA91AD176C305300969C20 /* Home_Controller */ = {
			isa = PBXGroup;
			children = (
				5BBBD89D17552E9D002A3E11 /* HomeViewController.h */,
				5BBBD89E17552E9D002A3E11 /* HomeViewController.m */,
				5BE39224174BE9D0005B40D2 /* HyperlinkLabel.h */,
				5BE39225174BE9D0005B40D2 /* HyperlinkLabel.m */,
			);
			name = Home_Controller;
			sourceTree = "<group>";
		};
		5BAA91AE176C30BF00969C20 /* Order_Controller */ = {
			isa = PBXGroup;
			children = (
				5BCB1B791747A25800816AF7 /* OrderViewController.h */,
				5BCB1B7A1747A25800816AF7 /* OrderViewController.m */,
				5BE39221174BC9C7005B40D2 /* OrderDetailViewController_iPad.h */,
				5BE39222174BC9C9005B40D2 /* OrderDetailViewController_iPad.m */,
				5B7E6DEA1767333F008286D4 /* HcpChoice.h */,
				5B7E6DEB17673343008286D4 /* HcpChoice.m */,
				5B96673217678A2E0017F0E4 /* ProductChoice.h */,
				5B96673317678A2E0017F0E4 /* ProductChoice.m */,
			);
			name = Order_Controller;
			sourceTree = "<group>";
		};
		5BAA91AF176C310B00969C20 /* Hcp_Controller */ = {
			isa = PBXGroup;
			children = (
				5BCB1B851747A31000816AF7 /* HcpListViewController.h */,
				5BCB1B861747A31000816AF7 /* HcpListViewController.m */,
				5BF4CF811760D86700BB3DBC /* HcpDetailController.h */,
				5BF4CF821760D86700BB3DBC /* HcpDetailController.m */,
				5B9667351768C41C0017F0E4 /* HcpAdditionalDetails.h */,
				5B9667361768C41C0017F0E4 /* HcpAdditionalDetails.m */,
			);
			name = Hcp_Controller;
			sourceTree = "<group>";
		};
		5BAA91B0176C31A100969C20 /* Sync_Controller */ = {
			isa = PBXGroup;
			children = (
				5BCB1B881747A32E00816AF7 /* SyncViewController_iPad.h */,
				5BCB1B891747A32E00816AF7 /* SyncViewController_iPad.m */,
			);
			name = Sync_Controller;
			sourceTree = "<group>";
		};
		5BAA91B1176C320600969C20 /* Report_Controller */ = {
			isa = PBXGroup;
			children = (
				5BFC9291175691B100C3AA12 /* ReportViewController.h */,
				5BFC9292175691B100C3AA12 /* ReportViewController.m */,
				5B4988C3175AAC24000AFD31 /* ReportDetailContainer.h */,
				5B4988C4175AAC24000AFD31 /* ReportDetailContainer.m */,
			);
			name = Report_Controller;
			sourceTree = "<group>";
		};
		5BB81560175DA81100DACE0B /* Reporting */ = {
			isa = PBXGroup;
			children = (
				5B7E6DE917672AE6008286D4 /* model */,
				5B7E6DB817670DF2008286D4 /* ReportDataFeed.h */,
				5B7E6DB917670DF3008286D4 /* ReportDataFeed.m */,
				5BE3922D174BED10005B40D2 /* ReportAllocationUsage.h */,
				5BE3922E174BED11005B40D2 /* ReportAllocationUsage.m */,
				5BBD28F7175FA44500AD9FF4 /* ReportUsage.h */,
				5BBD28F8175FA44500AD9FF4 /* ReportUsage.m */,
				5BBD28FA175FA45C00AD9FF4 /* ReportTeam.h */,
				5BBD28FB175FA45C00AD9FF4 /* ReportTeam.m */,
			);
			name = Reporting;
			sourceTree = "<group>";
		};
/* End PBXGroup section */

/* Begin PBXNativeTarget section */
		5B6212581746D8C5007B5C7C /* SampleCupboard_iOS */ = {
			isa = PBXNativeTarget;
			buildConfigurationList = 5B62129C1746D8C6007B5C7C /* Build configuration list for PBXNativeTarget "SampleCupboard_iOS" */;
			buildPhases = (
				5B6212551746D8C5007B5C7C /* Sources */,
				5B6212561746D8C5007B5C7C /* Frameworks */,
				5B6212571746D8C5007B5C7C /* Resources */,
			);
			buildRules = (
			);
			dependencies = (
			);
			name = SampleCupboard_iOS;
			productName = SampleCupboard_iOS;
			productReference = 5B6212591746D8C5007B5C7C /* SampleCupboard_iOS.app */;
			productType = "com.apple.product-type.application";
		};
		5B6212891746D8C6007B5C7C /* SampleCupboard_iOSTests */ = {
			isa = PBXNativeTarget;
			buildConfigurationList = 5B62129F1746D8C6007B5C7C /* Build configuration list for PBXNativeTarget "SampleCupboard_iOSTests" */;
			buildPhases = (
				5B6212851746D8C6007B5C7C /* Sources */,
				5B6212861746D8C6007B5C7C /* Frameworks */,
				5B6212871746D8C6007B5C7C /* Resources */,
				5B6212881746D8C6007B5C7C /* ShellScript */,
			);
			buildRules = (
			);
			dependencies = (
				5B6212901746D8C6007B5C7C /* PBXTargetDependency */,
			);
			name = SampleCupboard_iOSTests;
			productName = SampleCupboard_iOSTests;
			productReference = 5B62128A1746D8C6007B5C7C /* SampleCupboard_iOSTests.octest */;
			productType = "com.apple.product-type.bundle";
		};
/* End PBXNativeTarget section */

/* Begin PBXProject section */
		5B6212511746D8C5007B5C7C /* Project object */ = {
			isa = PBXProject;
			attributes = {
				LastUpgradeCheck = 0460;
				ORGANIZATIONNAME = MCG;
			};
			buildConfigurationList = 5B6212541746D8C5007B5C7C /* Build configuration list for PBXProject "SampleCupboard_iOS" */;
			compatibilityVersion = "Xcode 3.2";
			developmentRegion = English;
			hasScannedForEncodings = 0;
			knownRegions = (
				en,
			);
			mainGroup = 5B6212501746D8C5007B5C7C;
			productRefGroup = 5B62125A1746D8C5007B5C7C /* Products */;
			projectDirPath = "";
			projectRoot = "";
			targets = (
				5B6212581746D8C5007B5C7C /* SampleCupboard_iOS */,
				5B6212891746D8C6007B5C7C /* SampleCupboard_iOSTests */,
			);
		};
/* End PBXProject section */

/* Begin PBXResourcesBuildPhase section */
		5B6212571746D8C5007B5C7C /* Resources */ = {
			isa = PBXResourcesBuildPhase;
			buildActionMask = 2147483647;
			files = (
				5B6212671746D8C5007B5C7C /* InfoPlist.strings in Resources */,
				5B62126F1746D8C5007B5C7C /* Default.png in Resources */,
				5B6212711746D8C5007B5C7C /* Default@2x.png in Resources */,
				5B6212731746D8C5007B5C7C /* Default-568h@2x.png in Resources */,
				5B62127B1746D8C5007B5C7C /* first.png in Resources */,
				5B62127D1746D8C5007B5C7C /* first@2x.png in Resources */,
				5B6212821746D8C5007B5C7C /* second.png in Resources */,
				5B6212841746D8C5007B5C7C /* second@2x.png in Resources */,
				5B6212A61746D957007B5C7C /* SCB_Icon_iPad29x29.png in Resources */,
				5B6212A71746D957007B5C7C /* SCB_Icon_iPad50x50.png in Resources */,
				5B6212A81746D957007B5C7C /* SCB_Icon_iPhone4.png in Resources */,
				5B6212A91746D957007B5C7C /* SCB_Icon_iTunes.png in Resources */,
				5B6212B51746DA00007B5C7C /* home_background_landscape.png in Resources */,
				5B6212B61746DA00007B5C7C /* home_background_portrait.png in Resources */,
				5B6212B71746DA00007B5C7C /* Icon-72.png in Resources */,
				5B6212B81746DA00007B5C7C /* Icon-72@2x.png in Resources */,
				5B6212B91746DA00007B5C7C /* iPad_Login_bouton_Background.png in Resources */,
				5B6212BA1746DA00007B5C7C /* iPad_Login_bouton_button.png in Resources */,
				5B6212BB1746DA00007B5C7C /* iPad_Login_bouton_icon.png in Resources */,
				5B6212BC1746DA00007B5C7C /* iPad_Login_bouton_SignIn.png in Resources */,
				5B6212BD1746DA00007B5C7C /* iPad_MCG_background_landscape.png in Resources */,
				5B6212BE1746DA00007B5C7C /* iPad_MCG_background_portrait.png in Resources */,
				5B6212BF1746DA00007B5C7C /* iPad_MCG@2x.png in Resources */,
				5B6212C11746DA61007B5C7C /* MainStoryboard.storyboard in Resources */,
				5BD83539174AE96E00DA8B5A /* fr.lproj in Resources */,
				5BD8353B174AE98400DA8B5A /* Icons in Resources */,
				5B5085E1174B20460068A71E /* en.lproj in Resources */,
				5BEAD0E0174B36A200FBF8B2 /* shoppingcart.png in Resources */,
				5BEAD0E5174B379600FBF8B2 /* house.png in Resources */,
				5BEAD0E6174B379600FBF8B2 /* man.png in Resources */,
				5BEAD0E7174B379600FBF8B2 /* refresh.png in Resources */,
				5BEAD0E8174B379600FBF8B2 /* trend.png in Resources */,
				5B4DDBD1176E97850015A496 /* my_allocations.png in Resources */,
				5B4DDBD2176E97850015A496 /* my_team.png in Resources */,
				5B4DDBD3176E97850015A496 /* my_usage.png in Resources */,
			);
			runOnlyForDeploymentPostprocessing = 0;
		};
		5B6212871746D8C6007B5C7C /* Resources */ = {
			isa = PBXResourcesBuildPhase;
			buildActionMask = 2147483647;
			files = (
				5B6212961746D8C6007B5C7C /* InfoPlist.strings in Resources */,
			);
			runOnlyForDeploymentPostprocessing = 0;
		};
/* End PBXResourcesBuildPhase section */

/* Begin PBXShellScriptBuildPhase section */
		5B6212881746D8C6007B5C7C /* ShellScript */ = {
			isa = PBXShellScriptBuildPhase;
			buildActionMask = 2147483647;
			files = (
			);
			inputPaths = (
			);
			outputPaths = (
			);
			runOnlyForDeploymentPostprocessing = 0;
			shellPath = /bin/sh;
			shellScript = "# Run the unit tests in this test bundle.\n\"${SYSTEM_DEVELOPER_DIR}/Tools/RunUnitTests\"\n";
		};
/* End PBXShellScriptBuildPhase section */

/* Begin PBXSourcesBuildPhase section */
		5B6212551746D8C5007B5C7C /* Sources */ = {
			isa = PBXSourcesBuildPhase;
			buildActionMask = 2147483647;
			files = (
				5B6212691746D8C5007B5C7C /* main.m in Sources */,
				5B62126D1746D8C5007B5C7C /* AppDelegate.m in Sources */,
				5BCB1B7B1747A25800816AF7 /* OrderViewController.m in Sources */,
				5BCB1B811747A2DB00816AF7 /* LoginViewController.m in Sources */,
				5BCB1B871747A31100816AF7 /* HcpListViewController.m in Sources */,
				5BCB1B8A1747A32E00816AF7 /* SyncViewController_iPad.m in Sources */,
				5BE39223174BC9CA005B40D2 /* OrderDetailViewController_iPad.m in Sources */,
				5BE39226174BE9D1005B40D2 /* HyperlinkLabel.m in Sources */,
				5BE39229174BEB83005B40D2 /* IndentTextField.m in Sources */,
				5BE3922F174BED12005B40D2 /* ReportAllocationUsage.m in Sources */,
				5BE39232174BEDC8005B40D2 /* SearchbarWithOptions.m in Sources */,
				5BE39238174BEE76005B40D2 /* SignatureControl.m in Sources */,
				5BE3923B174BEEF6005B40D2 /* TextField.m in Sources */,
				5BE3923E174BEF7B005B40D2 /* TextInputDialog_iPad.m in Sources */,
				5BE39247174C3177005B40D2 /* SampleCupboard_iOS.xcdatamodeld in Sources */,
				5B8C8A9C174D39070088C4F0 /* JSONModel.m in Sources */,
				5B8C8A9D174D39070088C4F0 /* JSONModelArray.m in Sources */,
				5B8C8A9E174D39070088C4F0 /* JSONModelClassProperty.m in Sources */,
				5B8C8A9F174D39070088C4F0 /* JSONModelError.m in Sources */,
				5B8C8AA0174D39070088C4F0 /* NSArray+JSONModel.m in Sources */,
				5B8C8AA1174D39070088C4F0 /* JSONAPI.m in Sources */,
				5B8C8AA2174D39070088C4F0 /* JSONHTTPClient.m in Sources */,
				5B8C8AA3174D39070088C4F0 /* JSONModel+networking.m in Sources */,
				5B8C8AA4174D39070088C4F0 /* JSONKeyMapper.m in Sources */,
				5B8C8AA5174D39070088C4F0 /* JSONValueTransformer.m in Sources */,
				5BBBD89F17552E9E002A3E11 /* HomeViewController.m in Sources */,
				5BFC9293175691B200C3AA12 /* ReportViewController.m in Sources */,
				5B5C53E31757E44D004126D1 /* Reachability.m in Sources */,
				5B4988C5175AAC25000AFD31 /* ReportDetailContainer.m in Sources */,
				5BBD28F9175FA44500AD9FF4 /* ReportUsage.m in Sources */,
				5BBD28FC175FA45C00AD9FF4 /* ReportTeam.m in Sources */,
				5BF4CF831760D86700BB3DBC /* HcpDetailController.m in Sources */,
				5B7E6DBA17670DF3008286D4 /* ReportDataFeed.m in Sources */,
				5B7E6DBD17670F2E008286D4 /* LoanModel.m in Sources */,
				5B7E6DC017670F71008286D4 /* LocationModel.m in Sources */,
				5B7E6DEC1767334B008286D4 /* HcpChoice.m in Sources */,
				5B96673417678A2E0017F0E4 /* ProductChoice.m in Sources */,
				5B9667371768C41C0017F0E4 /* HcpAdditionalDetails.m in Sources */,
				5B105791176F42F80048513E /* OrderLineItem.m in Sources */,
				5B105794176F42F90048513E /* Order.m in Sources */,
				5BE091E81784851C0035F51B /* ConvertRequestToOrder.m in Sources */,
			);
			runOnlyForDeploymentPostprocessing = 0;
		};
		5B6212851746D8C6007B5C7C /* Sources */ = {
			isa = PBXSourcesBuildPhase;
			buildActionMask = 2147483647;
			files = (
				5B6212991746D8C6007B5C7C /* SampleCupboard_iOSTests.m in Sources */,
			);
			runOnlyForDeploymentPostprocessing = 0;
		};
/* End PBXSourcesBuildPhase section */

/* Begin PBXTargetDependency section */
		5B6212901746D8C6007B5C7C /* PBXTargetDependency */ = {
			isa = PBXTargetDependency;
			target = 5B6212581746D8C5007B5C7C /* SampleCupboard_iOS */;
			targetProxy = 5B62128F1746D8C6007B5C7C /* PBXContainerItemProxy */;
		};
/* End PBXTargetDependency section */

/* Begin PBXVariantGroup section */
		5B6212651746D8C5007B5C7C /* InfoPlist.strings */ = {
			isa = PBXVariantGroup;
			children = (
				5B6212661746D8C5007B5C7C /* en */,
			);
			name = InfoPlist.strings;
			sourceTree = "<group>";
		};
		5B6212941746D8C6007B5C7C /* InfoPlist.strings */ = {
			isa = PBXVariantGroup;
			children = (
				5B6212951746D8C6007B5C7C /* en */,
			);
			name = InfoPlist.strings;
			sourceTree = "<group>";
		};
/* End PBXVariantGroup section */

/* Begin XCBuildConfiguration section */
		5B62129A1746D8C6007B5C7C /* Debug */ = {
			isa = XCBuildConfiguration;
			buildSettings = {
				ALWAYS_SEARCH_USER_PATHS = NO;
				CLANG_CXX_LANGUAGE_STANDARD = "gnu++0x";
				CLANG_CXX_LIBRARY = "libc++";
				CLANG_ENABLE_OBJC_ARC = YES;
				CLANG_WARN_CONSTANT_CONVERSION = YES;
				CLANG_WARN_EMPTY_BODY = YES;
				CLANG_WARN_ENUM_CONVERSION = YES;
				CLANG_WARN_INT_CONVERSION = YES;
				CLANG_WARN__DUPLICATE_METHOD_MATCH = YES;
				"CODE_SIGN_IDENTITY[sdk=iphoneos*]" = "iPhone Developer";
				COPY_PHASE_STRIP = NO;
				GCC_C_LANGUAGE_STANDARD = gnu99;
				GCC_DYNAMIC_NO_PIC = NO;
				GCC_OPTIMIZATION_LEVEL = 0;
				GCC_PREPROCESSOR_DEFINITIONS = (
					"DEBUG=1",
					"$(inherited)",
				);
				GCC_SYMBOLS_PRIVATE_EXTERN = NO;
				GCC_WARN_ABOUT_RETURN_TYPE = YES;
				GCC_WARN_UNINITIALIZED_AUTOS = YES;
				GCC_WARN_UNUSED_VARIABLE = YES;
				IPHONEOS_DEPLOYMENT_TARGET = 6.1;
				ONLY_ACTIVE_ARCH = YES;
				SDKROOT = iphoneos;
				TARGETED_DEVICE_FAMILY = 2;
			};
			name = Debug;
		};
		5B62129B1746D8C6007B5C7C /* Release */ = {
			isa = XCBuildConfiguration;
			buildSettings = {
				ALWAYS_SEARCH_USER_PATHS = NO;
				CLANG_CXX_LANGUAGE_STANDARD = "gnu++0x";
				CLANG_CXX_LIBRARY = "libc++";
				CLANG_ENABLE_OBJC_ARC = YES;
				CLANG_WARN_CONSTANT_CONVERSION = YES;
				CLANG_WARN_EMPTY_BODY = YES;
				CLANG_WARN_ENUM_CONVERSION = YES;
				CLANG_WARN_INT_CONVERSION = YES;
				CLANG_WARN__DUPLICATE_METHOD_MATCH = YES;
				"CODE_SIGN_IDENTITY[sdk=iphoneos*]" = "iPhone Developer";
				COPY_PHASE_STRIP = YES;
				GCC_C_LANGUAGE_STANDARD = gnu99;
				GCC_WARN_ABOUT_RETURN_TYPE = YES;
				GCC_WARN_UNINITIALIZED_AUTOS = YES;
				GCC_WARN_UNUSED_VARIABLE = YES;
				IPHONEOS_DEPLOYMENT_TARGET = 6.1;
				ONLY_ACTIVE_ARCH = YES;
				OTHER_CFLAGS = "-DNS_BLOCK_ASSERTIONS=1";
				SDKROOT = iphoneos;
				TARGETED_DEVICE_FAMILY = 2;
				VALIDATE_PRODUCT = YES;
			};
			name = Release;
		};
		5B62129D1746D8C6007B5C7C /* Debug */ = {
			isa = XCBuildConfiguration;
			buildSettings = {
				FRAMEWORK_SEARCH_PATHS = (
					"$(inherited)",
					"\"$(SRCROOT)\"",
				);
				GCC_PRECOMPILE_PREFIX_HEADER = YES;
				GCC_PREFIX_HEADER = "SampleCupboard_iOS/SampleCupboard_iOS-Prefix.pch";
				INFOPLIST_FILE = "SampleCupboard_iOS/SampleCupboard_iOS-Info.plist";
				IPHONEOS_DEPLOYMENT_TARGET = 6.1;
				PRODUCT_NAME = "$(TARGET_NAME)";
				WRAPPER_EXTENSION = app;
			};
			name = Debug;
		};
		5B62129E1746D8C6007B5C7C /* Release */ = {
			isa = XCBuildConfiguration;
			buildSettings = {
				FRAMEWORK_SEARCH_PATHS = (
					"$(inherited)",
					"\"$(SRCROOT)\"",
				);
				GCC_PRECOMPILE_PREFIX_HEADER = YES;
				GCC_PREFIX_HEADER = "SampleCupboard_iOS/SampleCupboard_iOS-Prefix.pch";
				INFOPLIST_FILE = "SampleCupboard_iOS/SampleCupboard_iOS-Info.plist";
				IPHONEOS_DEPLOYMENT_TARGET = 6.1;
				PRODUCT_NAME = "$(TARGET_NAME)";
				WRAPPER_EXTENSION = app;
			};
			name = Release;
		};
		5B6212A01746D8C6007B5C7C /* Debug */ = {
			isa = XCBuildConfiguration;
			buildSettings = {
				BUNDLE_LOADER = "$(BUILT_PRODUCTS_DIR)/SampleCupboard_iOS.app/SampleCupboard_iOS";
				FRAMEWORK_SEARCH_PATHS = (
					"\"$(SDKROOT)/Developer/Library/Frameworks\"",
					"\"$(DEVELOPER_LIBRARY_DIR)/Frameworks\"",
				);
				GCC_PRECOMPILE_PREFIX_HEADER = YES;
				GCC_PREFIX_HEADER = "SampleCupboard_iOS/SampleCupboard_iOS-Prefix.pch";
				INFOPLIST_FILE = "SampleCupboard_iOSTests/SampleCupboard_iOSTests-Info.plist";
				PRODUCT_NAME = "$(TARGET_NAME)";
				TEST_HOST = "$(BUNDLE_LOADER)";
				WRAPPER_EXTENSION = octest;
			};
			name = Debug;
		};
		5B6212A11746D8C6007B5C7C /* Release */ = {
			isa = XCBuildConfiguration;
			buildSettings = {
				BUNDLE_LOADER = "$(BUILT_PRODUCTS_DIR)/SampleCupboard_iOS.app/SampleCupboard_iOS";
				FRAMEWORK_SEARCH_PATHS = (
					"\"$(SDKROOT)/Developer/Library/Frameworks\"",
					"\"$(DEVELOPER_LIBRARY_DIR)/Frameworks\"",
				);
				GCC_PRECOMPILE_PREFIX_HEADER = YES;
				GCC_PREFIX_HEADER = "SampleCupboard_iOS/SampleCupboard_iOS-Prefix.pch";
				INFOPLIST_FILE = "SampleCupboard_iOSTests/SampleCupboard_iOSTests-Info.plist";
				PRODUCT_NAME = "$(TARGET_NAME)";
				TEST_HOST = "$(BUNDLE_LOADER)";
				WRAPPER_EXTENSION = octest;
			};
			name = Release;
		};
/* End XCBuildConfiguration section */

/* Begin XCConfigurationList section */
		5B6212541746D8C5007B5C7C /* Build configuration list for PBXProject "SampleCupboard_iOS" */ = {
			isa = XCConfigurationList;
			buildConfigurations = (
				5B62129A1746D8C6007B5C7C /* Debug */,
				5B62129B1746D8C6007B5C7C /* Release */,
			);
			defaultConfigurationIsVisible = 0;
			defaultConfigurationName = Release;
		};
		5B62129C1746D8C6007B5C7C /* Build configuration list for PBXNativeTarget "SampleCupboard_iOS" */ = {
			isa = XCConfigurationList;
			buildConfigurations = (
				5B62129D1746D8C6007B5C7C /* Debug */,
				5B62129E1746D8C6007B5C7C /* Release */,
			);
			defaultConfigurationIsVisible = 0;
			defaultConfigurationName = Release;
		};
		5B62129F1746D8C6007B5C7C /* Build configuration list for PBXNativeTarget "SampleCupboard_iOSTests" */ = {
			isa = XCConfigurationList;
			buildConfigurations = (
				5B6212A01746D8C6007B5C7C /* Debug */,
				5B6212A11746D8C6007B5C7C /* Release */,
			);
			defaultConfigurationIsVisible = 0;
			defaultConfigurationName = Release;
		};
/* End XCConfigurationList section */

/* Begin XCVersionGroup section */
		5BE39245174C3176005B40D2 /* SampleCupboard_iOS.xcdatamodeld */ = {
			isa = XCVersionGroup;
			children = (
				5B10578D176F3C360048513E,
				5BE39246174C3177005B40D2 /* SampleCupboard_iOS.xcdatamodel */,
				5B10578E176F3E540048513E /* SampleCupboard_iOS 1.001.xcdatamodel */,
			);
			currentVersion = 5B10578E176F3E540048513E /* SampleCupboard_iOS 1.001.xcdatamodel */;
			path = SampleCupboard_iOS.xcdatamodeld;
			sourceTree = "<group>";
			versionGroupType = wrapper.xcdatamodel;
		};
/* End XCVersionGroup section */
	};
	rootObject = 5B6212511746D8C5007B5C7C /* Project object */;
}
