// !$*UTF8*$!
{
	archiveVersion = 1;
	classes = {
	};
	objectVersion = 46;
	objects = {

/* Begin PBXBuildFile section */
		5B1F8D2917D9BA5100873860 /* LastXOrdersDesign.m in Sources */ = {isa = PBXBuildFile; fileRef = 5B1F8D2817D9BA5100873860 /* LastXOrdersDesign.m */; };
		5B2801D917C75E7600D06363 /* CustomBadge.m in Sources */ = {isa = PBXBuildFile; fileRef = 5B2801D617C75E7600D06363 /* CustomBadge.m */; settings = {COMPILER_FLAGS = "-fno-objc-arc"; }; };
		5B2801DA17C75E7600D06363 /* MESegmentedControl.m in Sources */ = {isa = PBXBuildFile; fileRef = 5B2801D817C75E7600D06363 /* MESegmentedControl.m */; };
		5B47025B1805BD2F006CCEF7 /* OrderLineItem.m in Sources */ = {isa = PBXBuildFile; fileRef = 5B47025A1805BD2F006CCEF7 /* OrderLineItem.m */; };
		5B49681617A13C5600DDC43A /* CoreGraphics.framework in Frameworks */ = {isa = PBXBuildFile; fileRef = 5B49681517A13C5500DDC43A /* CoreGraphics.framework */; };
		5B4988C2175A27B0000AFD31 /* SystemConfiguration.framework in Frameworks */ = {isa = PBXBuildFile; fileRef = 5B4988C1175A27B0000AFD31 /* SystemConfiguration.framework */; };
		5B4DDBD1176E97850015A496 /* my_allocations.png in Resources */ = {isa = PBXBuildFile; fileRef = 5B4DDBCE176E97850015A496 /* my_allocations.png */; };
		5B4DDBD2176E97850015A496 /* my_team.png in Resources */ = {isa = PBXBuildFile; fileRef = 5B4DDBCF176E97850015A496 /* my_team.png */; };
		5B4DDBD3176E97850015A496 /* my_usage.png in Resources */ = {isa = PBXBuildFile; fileRef = 5B4DDBD0176E97850015A496 /* my_usage.png */; };
		5B5085E1174B20460068A71E /* en.lproj in Resources */ = {isa = PBXBuildFile; fileRef = 5B5085E0174B20460068A71E /* en.lproj */; };
		5B589D7B17CF4DA400DE9930 /* ReportDetails.m in Sources */ = {isa = PBXBuildFile; fileRef = 5B589D7A17CF4DA400DE9930 /* ReportDetails.m */; };
		5B589D8117CF4F1D00DE9930 /* ReportMenu.m in Sources */ = {isa = PBXBuildFile; fileRef = 5B589D8017CF4F1D00DE9930 /* ReportMenu.m */; };
		5B5C53E31757E44D004126D1 /* Reachability.m in Sources */ = {isa = PBXBuildFile; fileRef = 5B5C53E21757E44D004126D1 /* Reachability.m */; };
		5B62125D1746D8C5007B5C7C /* UIKit.framework in Frameworks */ = {isa = PBXBuildFile; fileRef = 5B62125C1746D8C5007B5C7C /* UIKit.framework */; };
		5B62125F1746D8C5007B5C7C /* Foundation.framework in Frameworks */ = {isa = PBXBuildFile; fileRef = 5B62125E1746D8C5007B5C7C /* Foundation.framework */; };
		5B6212671746D8C5007B5C7C /* InfoPlist.strings in Resources */ = {isa = PBXBuildFile; fileRef = 5B6212651746D8C5007B5C7C /* InfoPlist.strings */; };
		5B6212691746D8C5007B5C7C /* main.m in Sources */ = {isa = PBXBuildFile; fileRef = 5B6212681746D8C5007B5C7C /* main.m */; };
		5B62126D1746D8C5007B5C7C /* AppDelegate.m in Sources */ = {isa = PBXBuildFile; fileRef = 5B62126C1746D8C5007B5C7C /* AppDelegate.m */; };
		5B62126F1746D8C5007B5C7C /* Default.png in Resources */ = {isa = PBXBuildFile; fileRef = 5B62126E1746D8C5007B5C7C /* Default.png */; };
		5B6212711746D8C5007B5C7C /* Default@2x.png in Resources */ = {isa = PBXBuildFile; fileRef = 5B6212701746D8C5007B5C7C /* Default@2x.png */; };
		5B6212731746D8C5007B5C7C /* Default-568h@2x.png in Resources */ = {isa = PBXBuildFile; fileRef = 5B6212721746D8C5007B5C7C /* Default-568h@2x.png */; };
		5B62127B1746D8C5007B5C7C /* first.png in Resources */ = {isa = PBXBuildFile; fileRef = 5B62127A1746D8C5007B5C7C /* first.png */; };
		5B62127D1746D8C5007B5C7C /* first@2x.png in Resources */ = {isa = PBXBuildFile; fileRef = 5B62127C1746D8C5007B5C7C /* first@2x.png */; };
		5B6212821746D8C5007B5C7C /* second.png in Resources */ = {isa = PBXBuildFile; fileRef = 5B6212811746D8C5007B5C7C /* second.png */; };
		5B6212841746D8C5007B5C7C /* second@2x.png in Resources */ = {isa = PBXBuildFile; fileRef = 5B6212831746D8C5007B5C7C /* second@2x.png */; };
		5B6212A61746D957007B5C7C /* SCB_Icon_iPad29x29.png in Resources */ = {isa = PBXBuildFile; fileRef = 5B6212A21746D957007B5C7C /* SCB_Icon_iPad29x29.png */; };
		5B6212A71746D957007B5C7C /* SCB_Icon_iPad50x50.png in Resources */ = {isa = PBXBuildFile; fileRef = 5B6212A31746D957007B5C7C /* SCB_Icon_iPad50x50.png */; };
		5B6212A81746D957007B5C7C /* SCB_Icon_iPhone4.png in Resources */ = {isa = PBXBuildFile; fileRef = 5B6212A41746D957007B5C7C /* SCB_Icon_iPhone4.png */; };
		5B6212A91746D957007B5C7C /* SCB_Icon_iTunes.png in Resources */ = {isa = PBXBuildFile; fileRef = 5B6212A51746D957007B5C7C /* SCB_Icon_iTunes.png */; };
		5B6212B51746DA00007B5C7C /* home_background_landscape.png in Resources */ = {isa = PBXBuildFile; fileRef = 5B6212AA1746DA00007B5C7C /* home_background_landscape.png */; };
		5B6212B61746DA00007B5C7C /* home_background_portrait.png in Resources */ = {isa = PBXBuildFile; fileRef = 5B6212AB1746DA00007B5C7C /* home_background_portrait.png */; };
		5B6212B71746DA00007B5C7C /* Icon-72.png in Resources */ = {isa = PBXBuildFile; fileRef = 5B6212AC1746DA00007B5C7C /* Icon-72.png */; };
		5B6212B81746DA00007B5C7C /* Icon-72@2x.png in Resources */ = {isa = PBXBuildFile; fileRef = 5B6212AD1746DA00007B5C7C /* Icon-72@2x.png */; };
		5B6212B91746DA00007B5C7C /* iPad_Login_bouton_Background.png in Resources */ = {isa = PBXBuildFile; fileRef = 5B6212AE1746DA00007B5C7C /* iPad_Login_bouton_Background.png */; };
		5B6212BA1746DA00007B5C7C /* iPad_Login_bouton_button.png in Resources */ = {isa = PBXBuildFile; fileRef = 5B6212AF1746DA00007B5C7C /* iPad_Login_bouton_button.png */; };
		5B6212BB1746DA00007B5C7C /* iPad_Login_bouton_icon.png in Resources */ = {isa = PBXBuildFile; fileRef = 5B6212B01746DA00007B5C7C /* iPad_Login_bouton_icon.png */; };
		5B6212BC1746DA00007B5C7C /* iPad_Login_bouton_SignIn.png in Resources */ = {isa = PBXBuildFile; fileRef = 5B6212B11746DA00007B5C7C /* iPad_Login_bouton_SignIn.png */; };
		5B6212BD1746DA00007B5C7C /* iPad_MCG_background_landscape.png in Resources */ = {isa = PBXBuildFile; fileRef = 5B6212B21746DA00007B5C7C /* iPad_MCG_background_landscape.png */; };
		5B6212BE1746DA00007B5C7C /* iPad_MCG_background_portrait.png in Resources */ = {isa = PBXBuildFile; fileRef = 5B6212B31746DA00007B5C7C /* iPad_MCG_background_portrait.png */; };
		5B6212BF1746DA00007B5C7C /* iPad_MCG@2x.png in Resources */ = {isa = PBXBuildFile; fileRef = 5B6212B41746DA00007B5C7C /* iPad_MCG@2x.png */; };
		5B6212C11746DA61007B5C7C /* MainStoryboard.storyboard in Resources */ = {isa = PBXBuildFile; fileRef = 5B6212C01746DA61007B5C7C /* MainStoryboard.storyboard */; };
		5B6E2EB817BA966A002FDBF9 /* OrderTemplate.m in Sources */ = {isa = PBXBuildFile; fileRef = 5B6E2EB717BA966A002FDBF9 /* OrderTemplate.m */; };
		5B6E2EBE17BA96C7002FDBF9 /* OrderTemplateLine.m in Sources */ = {isa = PBXBuildFile; fileRef = 5B6E2EBD17BA96C7002FDBF9 /* OrderTemplateLine.m */; };
		5B6E2EC117BA97E7002FDBF9 /* TemplateSelection.m in Sources */ = {isa = PBXBuildFile; fileRef = 5B6E2EC017BA97E7002FDBF9 /* TemplateSelection.m */; };
		5B74925217B28FD800EDBE8A /* Order+Extensions.m in Sources */ = {isa = PBXBuildFile; fileRef = 5B74925117B28FD800EDBE8A /* Order+Extensions.m */; };
		5B74925817B2972B00EDBE8A /* Hcp+Extensions.m in Sources */ = {isa = PBXBuildFile; fileRef = 5B74925717B2972B00EDBE8A /* Hcp+Extensions.m */; };
		5B7E16BD17D69675000049B6 /* SVProgressHUD.m in Sources */ = {isa = PBXBuildFile; fileRef = 5B7E16BC17D69675000049B6 /* SVProgressHUD.m */; };
		5B7E16BF17D69768000049B6 /* QuartzCore.framework in Frameworks */ = {isa = PBXBuildFile; fileRef = 5B7E16BE17D69768000049B6 /* QuartzCore.framework */; };
		5B7E4BF1179B2C8A00ABD030 /* accept.png in Resources */ = {isa = PBXBuildFile; fileRef = 5B7E4BEF179B2C8A00ABD030 /* accept.png */; };
		5B7E4BF2179B2C8A00ABD030 /* delete.png in Resources */ = {isa = PBXBuildFile; fileRef = 5B7E4BF0179B2C8A00ABD030 /* delete.png */; };
		5B7E6DEC1767334B008286D4 /* HcpChoice.m in Sources */ = {isa = PBXBuildFile; fileRef = 5B7E6DEB17673343008286D4 /* HcpChoice.m */; };
		5B8068D417F202FF000DED9E /* ReportSVC.m in Sources */ = {isa = PBXBuildFile; fileRef = 5B8068D317F202FF000DED9E /* ReportSVC.m */; };
		5B89560F18033C8F009635C4 /* Allocation.m in Sources */ = {isa = PBXBuildFile; fileRef = 5B89560E18033C8F009635C4 /* Allocation.m */; };
		5B938A3C17B42F7700A8C078 /* HealthCareProfessional.m in Sources */ = {isa = PBXBuildFile; fileRef = 5B938A3B17B42F7700A8C078 /* HealthCareProfessional.m */; };
		5B96673417678A2E0017F0E4 /* ProductChoice.m in Sources */ = {isa = PBXBuildFile; fileRef = 5B96673317678A2E0017F0E4 /* ProductChoice.m */; };
		5B9667371768C41C0017F0E4 /* HcpAdditionalDetails.m in Sources */ = {isa = PBXBuildFile; fileRef = 5B9667361768C41C0017F0E4 /* HcpAdditionalDetails.m */; };
		5BB6E0D117EB53D7006EF204 /* Order.m in Sources */ = {isa = PBXBuildFile; fileRef = 5BB6E0D017EB53D7006EF204 /* Order.m */; };
		5BBBD89F17552E9E002A3E11 /* HomeViewController.m in Sources */ = {isa = PBXBuildFile; fileRef = 5BBBD89E17552E9D002A3E11 /* HomeViewController.m */; };
		5BC2901E17B0E03500DD14AF /* MBProgressHUD.m in Sources */ = {isa = PBXBuildFile; fileRef = 5B0C7899176D4ED100770EDF /* MBProgressHUD.m */; };
		5BCB1B7B1747A25800816AF7 /* OrderViewController.m in Sources */ = {isa = PBXBuildFile; fileRef = 5BCB1B7A1747A25800816AF7 /* OrderViewController.m */; };
		5BCB1B811747A2DB00816AF7 /* LoginViewController.m in Sources */ = {isa = PBXBuildFile; fileRef = 5BCB1B801747A2DB00816AF7 /* LoginViewController.m */; };
		5BCB1B871747A31100816AF7 /* HcpListViewController.m in Sources */ = {isa = PBXBuildFile; fileRef = 5BCB1B861747A31000816AF7 /* HcpListViewController.m */; };
		5BCB1B8A1747A32E00816AF7 /* SyncViewController_iPad.m in Sources */ = {isa = PBXBuildFile; fileRef = 5BCB1B891747A32E00816AF7 /* SyncViewController_iPad.m */; };
		5BD83539174AE96E00DA8B5A /* fr.lproj in Resources */ = {isa = PBXBuildFile; fileRef = 5BD83538174AE96D00DA8B5A /* fr.lproj */; };
		5BD8353B174AE98400DA8B5A /* Icons in Resources */ = {isa = PBXBuildFile; fileRef = 5BD8353A174AE98300DA8B5A /* Icons */; };
		5BDE2A0117A17A4B00422C4A /* Base64.m in Sources */ = {isa = PBXBuildFile; fileRef = 5BDE2A0017A17A4B00422C4A /* Base64.m */; };
		5BDE2A0717A1FA8400422C4A /* SetupConfig.m in Sources */ = {isa = PBXBuildFile; fileRef = 5BDE2A0617A1FA8300422C4A /* SetupConfig.m */; };
		5BE091EB1785F52A0035F51B /* Territory.m in Sources */ = {isa = PBXBuildFile; fileRef = 5BE091EA1785F52A0035F51B /* Territory.m */; };
		5BE091EE1785F52A0035F51B /* TerritoryFSA.m in Sources */ = {isa = PBXBuildFile; fileRef = 5BE091ED1785F52A0035F51B /* TerritoryFSA.m */; };
		5BE091F11785F63B0035F51B /* AllocationHeader.m in Sources */ = {isa = PBXBuildFile; fileRef = 5BE091F01785F63B0035F51B /* AllocationHeader.m */; };
		5BE39223174BC9CA005B40D2 /* OrderDetailViewController_iPad.m in Sources */ = {isa = PBXBuildFile; fileRef = 5BE39222174BC9C9005B40D2 /* OrderDetailViewController_iPad.m */; };
		5BE39238174BEE76005B40D2 /* SignatureControl.m in Sources */ = {isa = PBXBuildFile; fileRef = 5BE39237174BEE75005B40D2 /* SignatureControl.m */; };
		5BE3923E174BEF7B005B40D2 /* TextInputDialog_iPad.m in Sources */ = {isa = PBXBuildFile; fileRef = 5BE3923D174BEF7A005B40D2 /* TextInputDialog_iPad.m */; };
		5BE39247174C3177005B40D2 /* SampleCupboard_iOS.xcdatamodeld in Sources */ = {isa = PBXBuildFile; fileRef = 5BE39245174C3176005B40D2 /* SampleCupboard_iOS.xcdatamodeld */; };
		5BE39299174CBE6F005B40D2 /* CoreData.framework in Frameworks */ = {isa = PBXBuildFile; fileRef = 5BE39298174CBE6F005B40D2 /* CoreData.framework */; };
		5BEAD0E0174B36A200FBF8B2 /* shoppingcart.png in Resources */ = {isa = PBXBuildFile; fileRef = 5BEAD0DF174B36A200FBF8B2 /* shoppingcart.png */; };
		5BEAD0E5174B379600FBF8B2 /* house.png in Resources */ = {isa = PBXBuildFile; fileRef = 5BEAD0E1174B379500FBF8B2 /* house.png */; };
		5BEAD0E6174B379600FBF8B2 /* man.png in Resources */ = {isa = PBXBuildFile; fileRef = 5BEAD0E2174B379500FBF8B2 /* man.png */; };
		5BEAD0E7174B379600FBF8B2 /* refresh.png in Resources */ = {isa = PBXBuildFile; fileRef = 5BEAD0E3174B379500FBF8B2 /* refresh.png */; };
		5BEAD0E8174B379600FBF8B2 /* trend.png in Resources */ = {isa = PBXBuildFile; fileRef = 5BEAD0E4174B379600FBF8B2 /* trend.png */; };
		5BF4CF831760D86700BB3DBC /* HcpDetailController.m in Sources */ = {isa = PBXBuildFile; fileRef = 5BF4CF821760D86700BB3DBC /* HcpDetailController.m */; };
/* End PBXBuildFile section */

/* Begin PBXFileReference section */
		5B0C7898176D4ED100770EDF /* MBProgressHUD.h */ = {isa = PBXFileReference; fileEncoding = 4; lastKnownFileType = sourcecode.c.h; path = MBProgressHUD.h; sourceTree = "<group>"; };
		5B0C7899176D4ED100770EDF /* MBProgressHUD.m */ = {isa = PBXFileReference; fileEncoding = 4; lastKnownFileType = sourcecode.c.objc; path = MBProgressHUD.m; sourceTree = "<group>"; };
		5B10578D176F3C360048513E = {isa = PBXFileReference; lastKnownFileType = wrapper.xcdatamodeld; sourceTree = "<group>"; };
		5B10578E176F3E540048513E /* SampleCupboard_iOS 1.001.xcdatamodel */ = {isa = PBXFileReference; explicitFileType = wrapper.xcdatamodel; path = "SampleCupboard_iOS 1.001.xcdatamodel"; sourceTree = "<group>"; };
		5B1F8D2717D9BA5100873860 /* LastXOrdersDesign.h */ = {isa = PBXFileReference; fileEncoding = 4; lastKnownFileType = sourcecode.c.h; path = LastXOrdersDesign.h; sourceTree = "<group>"; };
		5B1F8D2817D9BA5100873860 /* LastXOrdersDesign.m */ = {isa = PBXFileReference; fileEncoding = 4; lastKnownFileType = sourcecode.c.objc; path = LastXOrdersDesign.m; sourceTree = "<group>"; };
		5B2801D517C75E7500D06363 /* CustomBadge.h */ = {isa = PBXFileReference; fileEncoding = 4; lastKnownFileType = sourcecode.c.h; name = CustomBadge.h; path = "../../../../Desktop/MESegmentedControl-master/MESegmentedControl/CustomBadge.h"; sourceTree = "<group>"; };
		5B2801D617C75E7600D06363 /* CustomBadge.m */ = {isa = PBXFileReference; fileEncoding = 4; lastKnownFileType = sourcecode.c.objc; name = CustomBadge.m; path = "../../../../Desktop/MESegmentedControl-master/MESegmentedControl/CustomBadge.m"; sourceTree = "<group>"; };
		5B2801D717C75E7600D06363 /* MESegmentedControl.h */ = {isa = PBXFileReference; fileEncoding = 4; lastKnownFileType = sourcecode.c.h; name = MESegmentedControl.h; path = "../../../../Desktop/MESegmentedControl-master/MESegmentedControl/MESegmentedControl.h"; sourceTree = "<group>"; };
		5B2801D817C75E7600D06363 /* MESegmentedControl.m */ = {isa = PBXFileReference; fileEncoding = 4; lastKnownFileType = sourcecode.c.objc; name = MESegmentedControl.m; path = "../../../../Desktop/MESegmentedControl-master/MESegmentedControl/MESegmentedControl.m"; sourceTree = "<group>"; };
		5B3E552E17FDFCB6002A8373 /* fr */ = {isa = PBXFileReference; lastKnownFileType = text.plist.strings; name = fr; path = fr.lproj/InfoPlist.strings; sourceTree = "<group>"; };
		5B3E552F17FDFCB7002A8373 /* fr */ = {isa = PBXFileReference; lastKnownFileType = text.plist.strings; name = fr; path = fr.lproj/InfoPlist.strings; sourceTree = "<group>"; };
		5B4702591805BD2E006CCEF7 /* OrderLineItem.h */ = {isa = PBXFileReference; fileEncoding = 4; lastKnownFileType = sourcecode.c.h; path = OrderLineItem.h; sourceTree = "<group>"; };
		5B47025A1805BD2F006CCEF7 /* OrderLineItem.m */ = {isa = PBXFileReference; fileEncoding = 4; lastKnownFileType = sourcecode.c.objc; path = OrderLineItem.m; sourceTree = "<group>"; };
		5B49681517A13C5500DDC43A /* CoreGraphics.framework */ = {isa = PBXFileReference; lastKnownFileType = wrapper.framework; name = CoreGraphics.framework; path = System/Library/Frameworks/CoreGraphics.framework; sourceTree = SDKROOT; };
		5B4988C1175A27B0000AFD31 /* SystemConfiguration.framework */ = {isa = PBXFileReference; lastKnownFileType = wrapper.framework; name = SystemConfiguration.framework; path = System/Library/Frameworks/SystemConfiguration.framework; sourceTree = SDKROOT; };
		5B4DDBCE176E97850015A496 /* my_allocations.png */ = {isa = PBXFileReference; lastKnownFileType = image.png; path = my_allocations.png; sourceTree = "<group>"; };
		5B4DDBCF176E97850015A496 /* my_team.png */ = {isa = PBXFileReference; lastKnownFileType = image.png; path = my_team.png; sourceTree = "<group>"; };
		5B4DDBD0176E97850015A496 /* my_usage.png */ = {isa = PBXFileReference; lastKnownFileType = image.png; path = my_usage.png; sourceTree = "<group>"; };
		5B5085E0174B20460068A71E /* en.lproj */ = {isa = PBXFileReference; lastKnownFileType = folder; path = en.lproj; sourceTree = "<group>"; };
		5B589D7917CF4DA400DE9930 /* ReportDetails.h */ = {isa = PBXFileReference; fileEncoding = 4; lastKnownFileType = sourcecode.c.h; path = ReportDetails.h; sourceTree = "<group>"; };
		5B589D7A17CF4DA400DE9930 /* ReportDetails.m */ = {isa = PBXFileReference; fileEncoding = 4; lastKnownFileType = sourcecode.c.objc; path = ReportDetails.m; sourceTree = "<group>"; };
		5B589D7F17CF4F1D00DE9930 /* ReportMenu.h */ = {isa = PBXFileReference; fileEncoding = 4; lastKnownFileType = sourcecode.c.h; path = ReportMenu.h; sourceTree = "<group>"; };
		5B589D8017CF4F1D00DE9930 /* ReportMenu.m */ = {isa = PBXFileReference; fileEncoding = 4; lastKnownFileType = sourcecode.c.objc; path = ReportMenu.m; sourceTree = "<group>"; };
		5B5C53E11757E44D004126D1 /* Reachability.h */ = {isa = PBXFileReference; fileEncoding = 4; lastKnownFileType = sourcecode.c.h; path = Reachability.h; sourceTree = "<group>"; };
		5B5C53E21757E44D004126D1 /* Reachability.m */ = {isa = PBXFileReference; fileEncoding = 4; lastKnownFileType = sourcecode.c.objc; path = Reachability.m; sourceTree = "<group>"; };
		5B6212591746D8C5007B5C7C /* SampleCupboard_iOS.app */ = {isa = PBXFileReference; explicitFileType = wrapper.application; includeInIndex = 0; path = SampleCupboard_iOS.app; sourceTree = BUILT_PRODUCTS_DIR; };
		5B62125C1746D8C5007B5C7C /* UIKit.framework */ = {isa = PBXFileReference; lastKnownFileType = wrapper.framework; name = UIKit.framework; path = System/Library/Frameworks/UIKit.framework; sourceTree = SDKROOT; };
		5B62125E1746D8C5007B5C7C /* Foundation.framework */ = {isa = PBXFileReference; lastKnownFileType = wrapper.framework; name = Foundation.framework; path = System/Library/Frameworks/Foundation.framework; sourceTree = SDKROOT; };
		5B6212641746D8C5007B5C7C /* SampleCupboard_iOS-Info.plist */ = {isa = PBXFileReference; lastKnownFileType = text.plist.xml; path = "SampleCupboard_iOS-Info.plist"; sourceTree = "<group>"; };
		5B6212661746D8C5007B5C7C /* en */ = {isa = PBXFileReference; lastKnownFileType = text.plist.strings; name = en; path = en.lproj/InfoPlist.strings; sourceTree = "<group>"; };
		5B6212681746D8C5007B5C7C /* main.m */ = {isa = PBXFileReference; lastKnownFileType = sourcecode.c.objc; path = main.m; sourceTree = "<group>"; };
		5B62126A1746D8C5007B5C7C /* SampleCupboard_iOS-Prefix.pch */ = {isa = PBXFileReference; lastKnownFileType = sourcecode.c.h; path = "SampleCupboard_iOS-Prefix.pch"; sourceTree = "<group>"; };
		5B62126B1746D8C5007B5C7C /* AppDelegate.h */ = {isa = PBXFileReference; lastKnownFileType = sourcecode.c.h; path = AppDelegate.h; sourceTree = "<group>"; };
		5B62126C1746D8C5007B5C7C /* AppDelegate.m */ = {isa = PBXFileReference; lastKnownFileType = sourcecode.c.objc; path = AppDelegate.m; sourceTree = "<group>"; };
		5B62126E1746D8C5007B5C7C /* Default.png */ = {isa = PBXFileReference; lastKnownFileType = image.png; path = Default.png; sourceTree = "<group>"; };
		5B6212701746D8C5007B5C7C /* Default@2x.png */ = {isa = PBXFileReference; lastKnownFileType = image.png; path = "Default@2x.png"; sourceTree = "<group>"; };
		5B6212721746D8C5007B5C7C /* Default-568h@2x.png */ = {isa = PBXFileReference; lastKnownFileType = image.png; path = "Default-568h@2x.png"; sourceTree = "<group>"; };
		5B62127A1746D8C5007B5C7C /* first.png */ = {isa = PBXFileReference; lastKnownFileType = image.png; path = first.png; sourceTree = "<group>"; };
		5B62127C1746D8C5007B5C7C /* first@2x.png */ = {isa = PBXFileReference; lastKnownFileType = image.png; path = "first@2x.png"; sourceTree = "<group>"; };
		5B6212811746D8C5007B5C7C /* second.png */ = {isa = PBXFileReference; lastKnownFileType = image.png; path = second.png; sourceTree = "<group>"; };
		5B6212831746D8C5007B5C7C /* second@2x.png */ = {isa = PBXFileReference; lastKnownFileType = image.png; path = "second@2x.png"; sourceTree = "<group>"; };
		5B62128B1746D8C6007B5C7C /* SenTestingKit.framework */ = {isa = PBXFileReference; lastKnownFileType = wrapper.framework; name = SenTestingKit.framework; path = Library/Frameworks/SenTestingKit.framework; sourceTree = DEVELOPER_DIR; };
		5B6212931746D8C6007B5C7C /* SampleCupboard_iOSTests-Info.plist */ = {isa = PBXFileReference; lastKnownFileType = text.plist.xml; path = "SampleCupboard_iOSTests-Info.plist"; sourceTree = "<group>"; };
		5B6212951746D8C6007B5C7C /* en */ = {isa = PBXFileReference; lastKnownFileType = text.plist.strings; name = en; path = en.lproj/InfoPlist.strings; sourceTree = "<group>"; };
		5B6212971746D8C6007B5C7C /* SampleCupboard_iOSTests.h */ = {isa = PBXFileReference; lastKnownFileType = sourcecode.c.h; path = SampleCupboard_iOSTests.h; sourceTree = "<group>"; };
		5B6212981746D8C6007B5C7C /* SampleCupboard_iOSTests.m */ = {isa = PBXFileReference; lastKnownFileType = sourcecode.c.objc; path = SampleCupboard_iOSTests.m; sourceTree = "<group>"; };
		5B6212A21746D957007B5C7C /* SCB_Icon_iPad29x29.png */ = {isa = PBXFileReference; lastKnownFileType = image.png; path = SCB_Icon_iPad29x29.png; sourceTree = "<group>"; };
		5B6212A31746D957007B5C7C /* SCB_Icon_iPad50x50.png */ = {isa = PBXFileReference; lastKnownFileType = image.png; path = SCB_Icon_iPad50x50.png; sourceTree = "<group>"; };
		5B6212A41746D957007B5C7C /* SCB_Icon_iPhone4.png */ = {isa = PBXFileReference; lastKnownFileType = image.png; path = SCB_Icon_iPhone4.png; sourceTree = "<group>"; };
		5B6212A51746D957007B5C7C /* SCB_Icon_iTunes.png */ = {isa = PBXFileReference; lastKnownFileType = image.png; path = SCB_Icon_iTunes.png; sourceTree = "<group>"; };
		5B6212AA1746DA00007B5C7C /* home_background_landscape.png */ = {isa = PBXFileReference; lastKnownFileType = image.png; path = home_background_landscape.png; sourceTree = "<group>"; };
		5B6212AB1746DA00007B5C7C /* home_background_portrait.png */ = {isa = PBXFileReference; lastKnownFileType = image.png; path = home_background_portrait.png; sourceTree = "<group>"; };
		5B6212AC1746DA00007B5C7C /* Icon-72.png */ = {isa = PBXFileReference; lastKnownFileType = image.png; path = "Icon-72.png"; sourceTree = "<group>"; };
		5B6212AD1746DA00007B5C7C /* Icon-72@2x.png */ = {isa = PBXFileReference; lastKnownFileType = image.png; path = "Icon-72@2x.png"; sourceTree = "<group>"; };
		5B6212AE1746DA00007B5C7C /* iPad_Login_bouton_Background.png */ = {isa = PBXFileReference; lastKnownFileType = image.png; path = iPad_Login_bouton_Background.png; sourceTree = "<group>"; };
		5B6212AF1746DA00007B5C7C /* iPad_Login_bouton_button.png */ = {isa = PBXFileReference; lastKnownFileType = image.png; path = iPad_Login_bouton_button.png; sourceTree = "<group>"; };
		5B6212B01746DA00007B5C7C /* iPad_Login_bouton_icon.png */ = {isa = PBXFileReference; lastKnownFileType = image.png; path = iPad_Login_bouton_icon.png; sourceTree = "<group>"; };
		5B6212B11746DA00007B5C7C /* iPad_Login_bouton_SignIn.png */ = {isa = PBXFileReference; lastKnownFileType = image.png; path = iPad_Login_bouton_SignIn.png; sourceTree = "<group>"; };
		5B6212B21746DA00007B5C7C /* iPad_MCG_background_landscape.png */ = {isa = PBXFileReference; lastKnownFileType = image.png; path = iPad_MCG_background_landscape.png; sourceTree = "<group>"; };
		5B6212B31746DA00007B5C7C /* iPad_MCG_background_portrait.png */ = {isa = PBXFileReference; lastKnownFileType = image.png; path = iPad_MCG_background_portrait.png; sourceTree = "<group>"; };
		5B6212B41746DA00007B5C7C /* iPad_MCG@2x.png */ = {isa = PBXFileReference; lastKnownFileType = image.png; path = "iPad_MCG@2x.png"; sourceTree = "<group>"; };
		5B6212C01746DA61007B5C7C /* MainStoryboard.storyboard */ = {isa = PBXFileReference; fileEncoding = 4; lastKnownFileType = file.storyboard; path = MainStoryboard.storyboard; sourceTree = "<group>"; };
		5B6E2EB617BA966A002FDBF9 /* OrderTemplate.h */ = {isa = PBXFileReference; fileEncoding = 4; lastKnownFileType = sourcecode.c.h; path = OrderTemplate.h; sourceTree = "<group>"; };
		5B6E2EB717BA966A002FDBF9 /* OrderTemplate.m */ = {isa = PBXFileReference; fileEncoding = 4; lastKnownFileType = sourcecode.c.objc; path = OrderTemplate.m; sourceTree = "<group>"; };
		5B6E2EBC17BA96C7002FDBF9 /* OrderTemplateLine.h */ = {isa = PBXFileReference; fileEncoding = 4; lastKnownFileType = sourcecode.c.h; path = OrderTemplateLine.h; sourceTree = "<group>"; };
		5B6E2EBD17BA96C7002FDBF9 /* OrderTemplateLine.m */ = {isa = PBXFileReference; fileEncoding = 4; lastKnownFileType = sourcecode.c.objc; path = OrderTemplateLine.m; sourceTree = "<group>"; };
		5B6E2EBF17BA97E7002FDBF9 /* TemplateSelection.h */ = {isa = PBXFileReference; fileEncoding = 4; lastKnownFileType = sourcecode.c.h; path = TemplateSelection.h; sourceTree = "<group>"; };
		5B6E2EC017BA97E7002FDBF9 /* TemplateSelection.m */ = {isa = PBXFileReference; fileEncoding = 4; lastKnownFileType = sourcecode.c.objc; path = TemplateSelection.m; sourceTree = "<group>"; };
		5B74925017B28FD800EDBE8A /* Order+Extensions.h */ = {isa = PBXFileReference; fileEncoding = 4; lastKnownFileType = sourcecode.c.h; path = "Order+Extensions.h"; sourceTree = "<group>"; };
		5B74925117B28FD800EDBE8A /* Order+Extensions.m */ = {isa = PBXFileReference; fileEncoding = 4; lastKnownFileType = sourcecode.c.objc; path = "Order+Extensions.m"; sourceTree = "<group>"; };
		5B74925617B2972B00EDBE8A /* Hcp+Extensions.h */ = {isa = PBXFileReference; fileEncoding = 4; lastKnownFileType = sourcecode.c.h; path = "Hcp+Extensions.h"; sourceTree = "<group>"; };
		5B74925717B2972B00EDBE8A /* Hcp+Extensions.m */ = {isa = PBXFileReference; fileEncoding = 4; lastKnownFileType = sourcecode.c.objc; path = "Hcp+Extensions.m"; sourceTree = "<group>"; };
		5B7E16BB17D69675000049B6 /* SVProgressHUD.h */ = {isa = PBXFileReference; fileEncoding = 4; lastKnownFileType = sourcecode.c.h; name = SVProgressHUD.h; path = "../../../../Desktop/SVProgressHUD-master/SVProgressHUD/SVProgressHUD.h"; sourceTree = "<group>"; };
		5B7E16BC17D69675000049B6 /* SVProgressHUD.m */ = {isa = PBXFileReference; fileEncoding = 4; lastKnownFileType = sourcecode.c.objc; name = SVProgressHUD.m; path = "../../../../Desktop/SVProgressHUD-master/SVProgressHUD/SVProgressHUD.m"; sourceTree = "<group>"; };
		5B7E16BE17D69768000049B6 /* QuartzCore.framework */ = {isa = PBXFileReference; lastKnownFileType = wrapper.framework; name = QuartzCore.framework; path = System/Library/Frameworks/QuartzCore.framework; sourceTree = SDKROOT; };
		5B7E4BEF179B2C8A00ABD030 /* accept.png */ = {isa = PBXFileReference; lastKnownFileType = image.png; path = accept.png; sourceTree = "<group>"; };
		5B7E4BF0179B2C8A00ABD030 /* delete.png */ = {isa = PBXFileReference; lastKnownFileType = image.png; path = delete.png; sourceTree = "<group>"; };
		5B7E6DEA1767333F008286D4 /* HcpChoice.h */ = {isa = PBXFileReference; fileEncoding = 4; lastKnownFileType = sourcecode.c.h; path = HcpChoice.h; sourceTree = "<group>"; };
		5B7E6DEB17673343008286D4 /* HcpChoice.m */ = {isa = PBXFileReference; fileEncoding = 4; lastKnownFileType = sourcecode.c.objc; path = HcpChoice.m; sourceTree = "<group>"; };
		5B8068D217F202FF000DED9E /* ReportSVC.h */ = {isa = PBXFileReference; fileEncoding = 4; lastKnownFileType = sourcecode.c.h; path = ReportSVC.h; sourceTree = "<group>"; };
		5B8068D317F202FF000DED9E /* ReportSVC.m */ = {isa = PBXFileReference; fileEncoding = 4; lastKnownFileType = sourcecode.c.objc; path = ReportSVC.m; sourceTree = "<group>"; };
		5B89560D18033C8F009635C4 /* Allocation.h */ = {isa = PBXFileReference; fileEncoding = 4; lastKnownFileType = sourcecode.c.h; path = Allocation.h; sourceTree = "<group>"; };
		5B89560E18033C8F009635C4 /* Allocation.m */ = {isa = PBXFileReference; fileEncoding = 4; lastKnownFileType = sourcecode.c.objc; path = Allocation.m; sourceTree = "<group>"; };
		5B938A3A17B42F7700A8C078 /* HealthCareProfessional.h */ = {isa = PBXFileReference; fileEncoding = 4; lastKnownFileType = sourcecode.c.h; path = HealthCareProfessional.h; sourceTree = "<group>"; };
		5B938A3B17B42F7700A8C078 /* HealthCareProfessional.m */ = {isa = PBXFileReference; fileEncoding = 4; lastKnownFileType = sourcecode.c.objc; path = HealthCareProfessional.m; sourceTree = "<group>"; };
		5B96673217678A2E0017F0E4 /* ProductChoice.h */ = {isa = PBXFileReference; fileEncoding = 4; lastKnownFileType = sourcecode.c.h; path = ProductChoice.h; sourceTree = "<group>"; };
		5B96673317678A2E0017F0E4 /* ProductChoice.m */ = {isa = PBXFileReference; fileEncoding = 4; lastKnownFileType = sourcecode.c.objc; path = ProductChoice.m; sourceTree = "<group>"; };
		5B9667351768C41C0017F0E4 /* HcpAdditionalDetails.h */ = {isa = PBXFileReference; fileEncoding = 4; lastKnownFileType = sourcecode.c.h; path = HcpAdditionalDetails.h; sourceTree = "<group>"; };
		5B9667361768C41C0017F0E4 /* HcpAdditionalDetails.m */ = {isa = PBXFileReference; fileEncoding = 4; lastKnownFileType = sourcecode.c.objc; path = HcpAdditionalDetails.m; sourceTree = "<group>"; };
		5BB6E0CF17EB53D7006EF204 /* Order.h */ = {isa = PBXFileReference; fileEncoding = 4; lastKnownFileType = sourcecode.c.h; path = Order.h; sourceTree = "<group>"; };
		5BB6E0D017EB53D7006EF204 /* Order.m */ = {isa = PBXFileReference; fileEncoding = 4; lastKnownFileType = sourcecode.c.objc; path = Order.m; sourceTree = "<group>"; };
		5BBBD89D17552E9D002A3E11 /* HomeViewController.h */ = {isa = PBXFileReference; fileEncoding = 4; lastKnownFileType = sourcecode.c.h; path = HomeViewController.h; sourceTree = "<group>"; };
		5BBBD89E17552E9D002A3E11 /* HomeViewController.m */ = {isa = PBXFileReference; fileEncoding = 4; lastKnownFileType = sourcecode.c.objc; path = HomeViewController.m; sourceTree = "<group>"; };
		5BCB1B791747A25800816AF7 /* OrderViewController.h */ = {isa = PBXFileReference; fileEncoding = 4; lastKnownFileType = sourcecode.c.h; path = OrderViewController.h; sourceTree = "<group>"; };
		5BCB1B7A1747A25800816AF7 /* OrderViewController.m */ = {isa = PBXFileReference; fileEncoding = 4; lastKnownFileType = sourcecode.c.objc; path = OrderViewController.m; sourceTree = "<group>"; };
		5BCB1B7F1747A2DB00816AF7 /* LoginViewController.h */ = {isa = PBXFileReference; fileEncoding = 4; lastKnownFileType = sourcecode.c.h; path = LoginViewController.h; sourceTree = "<group>"; };
		5BCB1B801747A2DB00816AF7 /* LoginViewController.m */ = {isa = PBXFileReference; fileEncoding = 4; lastKnownFileType = sourcecode.c.objc; path = LoginViewController.m; sourceTree = "<group>"; };
		5BCB1B851747A31000816AF7 /* HcpListViewController.h */ = {isa = PBXFileReference; fileEncoding = 4; lastKnownFileType = sourcecode.c.h; path = HcpListViewController.h; sourceTree = "<group>"; };
		5BCB1B861747A31000816AF7 /* HcpListViewController.m */ = {isa = PBXFileReference; fileEncoding = 4; lastKnownFileType = sourcecode.c.objc; path = HcpListViewController.m; sourceTree = "<group>"; };
		5BCB1B881747A32E00816AF7 /* SyncViewController_iPad.h */ = {isa = PBXFileReference; fileEncoding = 4; lastKnownFileType = sourcecode.c.h; path = SyncViewController_iPad.h; sourceTree = "<group>"; };
		5BCB1B891747A32E00816AF7 /* SyncViewController_iPad.m */ = {isa = PBXFileReference; fileEncoding = 4; lastKnownFileType = sourcecode.c.objc; path = SyncViewController_iPad.m; sourceTree = "<group>"; };
		5BD83538174AE96D00DA8B5A /* fr.lproj */ = {isa = PBXFileReference; lastKnownFileType = folder; path = fr.lproj; sourceTree = "<group>"; };
		5BD8353A174AE98300DA8B5A /* Icons */ = {isa = PBXFileReference; lastKnownFileType = folder; path = Icons; sourceTree = "<group>"; };
		5BDE29FF17A17A4B00422C4A /* Base64.h */ = {isa = PBXFileReference; fileEncoding = 4; lastKnownFileType = sourcecode.c.h; path = Base64.h; sourceTree = "<group>"; };
		5BDE2A0017A17A4B00422C4A /* Base64.m */ = {isa = PBXFileReference; fileEncoding = 4; lastKnownFileType = sourcecode.c.objc; path = Base64.m; sourceTree = "<group>"; };
		5BDE2A0517A1FA8300422C4A /* SetupConfig.h */ = {isa = PBXFileReference; fileEncoding = 4; lastKnownFileType = sourcecode.c.h; path = SetupConfig.h; sourceTree = "<group>"; };
		5BDE2A0617A1FA8300422C4A /* SetupConfig.m */ = {isa = PBXFileReference; fileEncoding = 4; lastKnownFileType = sourcecode.c.objc; path = SetupConfig.m; sourceTree = "<group>"; };
		5BE091E91785F52A0035F51B /* Territory.h */ = {isa = PBXFileReference; fileEncoding = 4; lastKnownFileType = sourcecode.c.h; path = Territory.h; sourceTree = "<group>"; };
		5BE091EA1785F52A0035F51B /* Territory.m */ = {isa = PBXFileReference; fileEncoding = 4; lastKnownFileType = sourcecode.c.objc; path = Territory.m; sourceTree = "<group>"; };
		5BE091EC1785F52A0035F51B /* TerritoryFSA.h */ = {isa = PBXFileReference; fileEncoding = 4; lastKnownFileType = sourcecode.c.h; path = TerritoryFSA.h; sourceTree = "<group>"; };
		5BE091ED1785F52A0035F51B /* TerritoryFSA.m */ = {isa = PBXFileReference; fileEncoding = 4; lastKnownFileType = sourcecode.c.objc; path = TerritoryFSA.m; sourceTree = "<group>"; };
		5BE091EF1785F63A0035F51B /* AllocationHeader.h */ = {isa = PBXFileReference; fileEncoding = 4; lastKnownFileType = sourcecode.c.h; path = AllocationHeader.h; sourceTree = "<group>"; };
		5BE091F01785F63B0035F51B /* AllocationHeader.m */ = {isa = PBXFileReference; fileEncoding = 4; lastKnownFileType = sourcecode.c.objc; path = AllocationHeader.m; sourceTree = "<group>"; };
		5BE39221174BC9C7005B40D2 /* OrderDetailViewController_iPad.h */ = {isa = PBXFileReference; fileEncoding = 4; lastKnownFileType = sourcecode.c.h; path = OrderDetailViewController_iPad.h; sourceTree = "<group>"; };
		5BE39222174BC9C9005B40D2 /* OrderDetailViewController_iPad.m */ = {isa = PBXFileReference; fileEncoding = 4; lastKnownFileType = sourcecode.c.objc; path = OrderDetailViewController_iPad.m; sourceTree = "<group>"; };
		5BE39236174BEE74005B40D2 /* SignatureControl.h */ = {isa = PBXFileReference; fileEncoding = 4; lastKnownFileType = sourcecode.c.h; path = SignatureControl.h; sourceTree = "<group>"; };
		5BE39237174BEE75005B40D2 /* SignatureControl.m */ = {isa = PBXFileReference; fileEncoding = 4; lastKnownFileType = sourcecode.c.objc; path = SignatureControl.m; sourceTree = "<group>"; };
		5BE3923C174BEF79005B40D2 /* TextInputDialog_iPad.h */ = {isa = PBXFileReference; fileEncoding = 4; lastKnownFileType = sourcecode.c.h; path = TextInputDialog_iPad.h; sourceTree = "<group>"; };
		5BE3923D174BEF7A005B40D2 /* TextInputDialog_iPad.m */ = {isa = PBXFileReference; fileEncoding = 4; lastKnownFileType = sourcecode.c.objc; path = TextInputDialog_iPad.m; sourceTree = "<group>"; };
		5BE39246174C3177005B40D2 /* SampleCupboard_iOS.xcdatamodel */ = {isa = PBXFileReference; lastKnownFileType = wrapper.xcdatamodel; path = SampleCupboard_iOS.xcdatamodel; sourceTree = "<group>"; };
		5BE39298174CBE6F005B40D2 /* CoreData.framework */ = {isa = PBXFileReference; lastKnownFileType = wrapper.framework; name = CoreData.framework; path = System/Library/Frameworks/CoreData.framework; sourceTree = SDKROOT; };
		5BEAD0DF174B36A200FBF8B2 /* shoppingcart.png */ = {isa = PBXFileReference; lastKnownFileType = image.png; path = shoppingcart.png; sourceTree = "<group>"; };
		5BEAD0E1174B379500FBF8B2 /* house.png */ = {isa = PBXFileReference; lastKnownFileType = image.png; name = house.png; path = Images/house.png; sourceTree = "<group>"; };
		5BEAD0E2174B379500FBF8B2 /* man.png */ = {isa = PBXFileReference; lastKnownFileType = image.png; name = man.png; path = Images/man.png; sourceTree = "<group>"; };
		5BEAD0E3174B379500FBF8B2 /* refresh.png */ = {isa = PBXFileReference; lastKnownFileType = image.png; name = refresh.png; path = Images/refresh.png; sourceTree = "<group>"; };
		5BEAD0E4174B379600FBF8B2 /* trend.png */ = {isa = PBXFileReference; lastKnownFileType = image.png; name = trend.png; path = Images/trend.png; sourceTree = "<group>"; };
		5BF4CF811760D86700BB3DBC /* HcpDetailController.h */ = {isa = PBXFileReference; fileEncoding = 4; lastKnownFileType = sourcecode.c.h; path = HcpDetailController.h; sourceTree = "<group>"; };
		5BF4CF821760D86700BB3DBC /* HcpDetailController.m */ = {isa = PBXFileReference; fileEncoding = 4; lastKnownFileType = sourcecode.c.objc; path = HcpDetailController.m; sourceTree = "<group>"; };
/* End PBXFileReference section */

/* Begin PBXFrameworksBuildPhase section */
		5B6212561746D8C5007B5C7C /* Frameworks */ = {
			isa = PBXFrameworksBuildPhase;
			buildActionMask = 2147483647;
			files = (
				5B7E16BF17D69768000049B6 /* QuartzCore.framework in Frameworks */,
				5B62125D1746D8C5007B5C7C /* UIKit.framework in Frameworks */,
				5B62125F1746D8C5007B5C7C /* Foundation.framework in Frameworks */,
				5B49681617A13C5600DDC43A /* CoreGraphics.framework in Frameworks */,
				5B4988C2175A27B0000AFD31 /* SystemConfiguration.framework in Frameworks */,
				5BE39299174CBE6F005B40D2 /* CoreData.framework in Frameworks */,
			);
			runOnlyForDeploymentPostprocessing = 0;
		};
/* End PBXFrameworksBuildPhase section */

/* Begin PBXGroup section */
		5B5C53E01757DB8A004126D1 /* Utility Classes */ = {
			isa = PBXGroup;
			children = (
				5B7E16BB17D69675000049B6 /* SVProgressHUD.h */,
				5B7E16BC17D69675000049B6 /* SVProgressHUD.m */,
				5B2801D517C75E7500D06363 /* CustomBadge.h */,
				5B2801D617C75E7600D06363 /* CustomBadge.m */,
				5B2801D717C75E7600D06363 /* MESegmentedControl.h */,
				5B2801D817C75E7600D06363 /* MESegmentedControl.m */,
				5BDE29FF17A17A4B00422C4A /* Base64.h */,
				5BDE2A0017A17A4B00422C4A /* Base64.m */,
				5BE39236174BEE74005B40D2 /* SignatureControl.h */,
				5BE39237174BEE75005B40D2 /* SignatureControl.m */,
				5BE3923C174BEF79005B40D2 /* TextInputDialog_iPad.h */,
				5BE3923D174BEF7A005B40D2 /* TextInputDialog_iPad.m */,
				5B5C53E11757E44D004126D1 /* Reachability.h */,
				5B5C53E21757E44D004126D1 /* Reachability.m */,
				5B0C7898176D4ED100770EDF /* MBProgressHUD.h */,
				5B0C7899176D4ED100770EDF /* MBProgressHUD.m */,
				5BDE2A0517A1FA8300422C4A /* SetupConfig.h */,
				5BDE2A0617A1FA8300422C4A /* SetupConfig.m */,
				5B6E2EBF17BA97E7002FDBF9 /* TemplateSelection.h */,
				5B6E2EC017BA97E7002FDBF9 /* TemplateSelection.m */,
				5B8068D217F202FF000DED9E /* ReportSVC.h */,
				5B8068D317F202FF000DED9E /* ReportSVC.m */,
			);
			name = "Utility Classes";
			sourceTree = "<group>";
		};
		5B6212501746D8C5007B5C7C = {
			isa = PBXGroup;
			children = (
				5B6212621746D8C5007B5C7C /* SampleCupboard_iOS */,
				5B6212631746D8C5007B5C7C /* Supporting Files */,
				5B6212911746D8C6007B5C7C /* SampleCupboard_iOSTests */,
				5B62125B1746D8C5007B5C7C /* Frameworks */,
				5B62125A1746D8C5007B5C7C /* Products */,
			);
			sourceTree = "<group>";
		};
		5B62125A1746D8C5007B5C7C /* Products */ = {
			isa = PBXGroup;
			children = (
				5B6212591746D8C5007B5C7C /* SampleCupboard_iOS.app */,
			);
			name = Products;
			sourceTree = "<group>";
		};
		5B62125B1746D8C5007B5C7C /* Frameworks */ = {
			isa = PBXGroup;
			children = (
				5B7E16BE17D69768000049B6 /* QuartzCore.framework */,
				5B4988C1175A27B0000AFD31 /* SystemConfiguration.framework */,
				5B49681517A13C5500DDC43A /* CoreGraphics.framework */,
				5BE39298174CBE6F005B40D2 /* CoreData.framework */,
				5B62125C1746D8C5007B5C7C /* UIKit.framework */,
				5B62125E1746D8C5007B5C7C /* Foundation.framework */,
				5B62128B1746D8C6007B5C7C /* SenTestingKit.framework */,
			);
			name = Frameworks;
			sourceTree = "<group>";
		};
		5B6212621746D8C5007B5C7C /* SampleCupboard_iOS */ = {
			isa = PBXGroup;
			children = (
				5BAA91AA176C1BAB00969C20 /* Images */,
				5B5C53E01757DB8A004126D1 /* Utility Classes */,
				5BD8353A174AE98300DA8B5A /* Icons */,
				5BD83538174AE96D00DA8B5A /* fr.lproj */,
				5B5085E0174B20460068A71E /* en.lproj */,
				5B6212C01746DA61007B5C7C /* MainStoryboard.storyboard */,
				5B62126B1746D8C5007B5C7C /* AppDelegate.h */,
				5B62126C1746D8C5007B5C7C /* AppDelegate.m */,
				5BAA91AB176C2FD900969C20 /* Login_Controller */,
				5BAA91AD176C305300969C20 /* Home_Controller */,
				5BAA91AE176C30BF00969C20 /* Order_Controller */,
				5BAA91AF176C310B00969C20 /* Hcp_Controller */,
				5BAA91B0176C31A100969C20 /* Sync_Controller */,
				5BAA91A9176C15C900969C20 /* Model */,
				5BB81560175DA81100DACE0B /* Reporting */,
			);
			path = SampleCupboard_iOS;
			sourceTree = "<group>";
		};
		5B6212631746D8C5007B5C7C /* Supporting Files */ = {
			isa = PBXGroup;
			children = (
				5B6212641746D8C5007B5C7C /* SampleCupboard_iOS-Info.plist */,
				5B6212651746D8C5007B5C7C /* InfoPlist.strings */,
				5B6212681746D8C5007B5C7C /* main.m */,
				5B62126A1746D8C5007B5C7C /* SampleCupboard_iOS-Prefix.pch */,
				5B62126E1746D8C5007B5C7C /* Default.png */,
				5B6212701746D8C5007B5C7C /* Default@2x.png */,
				5B6212721746D8C5007B5C7C /* Default-568h@2x.png */,
			);
			name = "Supporting Files";
			path = SampleCupboard_iOS;
			sourceTree = "<group>";
		};
		5B6212911746D8C6007B5C7C /* SampleCupboard_iOSTests */ = {
			isa = PBXGroup;
			children = (
				5B6212971746D8C6007B5C7C /* SampleCupboard_iOSTests.h */,
				5B6212981746D8C6007B5C7C /* SampleCupboard_iOSTests.m */,
				5B6212921746D8C6007B5C7C /* Supporting Files */,
			);
			path = SampleCupboard_iOSTests;
			sourceTree = "<group>";
		};
		5B6212921746D8C6007B5C7C /* Supporting Files */ = {
			isa = PBXGroup;
			children = (
				5B6212931746D8C6007B5C7C /* SampleCupboard_iOSTests-Info.plist */,
				5B6212941746D8C6007B5C7C /* InfoPlist.strings */,
			);
			name = "Supporting Files";
			sourceTree = "<group>";
		};
		5BAA91A9176C15C900969C20 /* Model */ = {
			isa = PBXGroup;
			children = (
				5BE39245174C3176005B40D2 /* SampleCupboard_iOS.xcdatamodeld */,
				5B89560D18033C8F009635C4 /* Allocation.h */,
				5B89560E18033C8F009635C4 /* Allocation.m */,
				5BE091EF1785F63A0035F51B /* AllocationHeader.h */,
				5BE091F01785F63B0035F51B /* AllocationHeader.m */,
				5B938A3A17B42F7700A8C078 /* HealthCareProfessional.h */,
				5B938A3B17B42F7700A8C078 /* HealthCareProfessional.m */,
				5B74925617B2972B00EDBE8A /* Hcp+Extensions.h */,
				5B74925717B2972B00EDBE8A /* Hcp+Extensions.m */,
				5BB6E0CF17EB53D7006EF204 /* Order.h */,
				5BB6E0D017EB53D7006EF204 /* Order.m */,
				5B74925017B28FD800EDBE8A /* Order+Extensions.h */,
				5B74925117B28FD800EDBE8A /* Order+Extensions.m */,
				5B4702591805BD2E006CCEF7 /* OrderLineItem.h */,
				5B47025A1805BD2F006CCEF7 /* OrderLineItem.m */,
				5B6E2EB617BA966A002FDBF9 /* OrderTemplate.h */,
				5B6E2EB717BA966A002FDBF9 /* OrderTemplate.m */,
				5B6E2EBC17BA96C7002FDBF9 /* OrderTemplateLine.h */,
				5B6E2EBD17BA96C7002FDBF9 /* OrderTemplateLine.m */,
				5BE091EC1785F52A0035F51B /* TerritoryFSA.h */,
				5BE091ED1785F52A0035F51B /* TerritoryFSA.m */,
				5BE091E91785F52A0035F51B /* Territory.h */,
				5BE091EA1785F52A0035F51B /* Territory.m */,
			);
			name = Model;
			sourceTree = "<group>";
		};
		5BAA91AA176C1BAB00969C20 /* Images */ = {
			isa = PBXGroup;
			children = (
				5B7E4BEF179B2C8A00ABD030 /* accept.png */,
				5B7E4BF0179B2C8A00ABD030 /* delete.png */,
				5B4DDBCE176E97850015A496 /* my_allocations.png */,
				5B4DDBCF176E97850015A496 /* my_team.png */,
				5B4DDBD0176E97850015A496 /* my_usage.png */,
				5B62127A1746D8C5007B5C7C /* first.png */,
				5B62127C1746D8C5007B5C7C /* first@2x.png */,
				5B6212811746D8C5007B5C7C /* second.png */,
				5B6212831746D8C5007B5C7C /* second@2x.png */,
				5B6212AA1746DA00007B5C7C /* home_background_landscape.png */,
				5B6212AB1746DA00007B5C7C /* home_background_portrait.png */,
				5B6212AC1746DA00007B5C7C /* Icon-72.png */,
				5B6212AD1746DA00007B5C7C /* Icon-72@2x.png */,
				5B6212AE1746DA00007B5C7C /* iPad_Login_bouton_Background.png */,
				5B6212AF1746DA00007B5C7C /* iPad_Login_bouton_button.png */,
				5B6212B01746DA00007B5C7C /* iPad_Login_bouton_icon.png */,
				5B6212B11746DA00007B5C7C /* iPad_Login_bouton_SignIn.png */,
				5B6212B21746DA00007B5C7C /* iPad_MCG_background_landscape.png */,
				5B6212B31746DA00007B5C7C /* iPad_MCG_background_portrait.png */,
				5B6212B41746DA00007B5C7C /* iPad_MCG@2x.png */,
				5B6212A21746D957007B5C7C /* SCB_Icon_iPad29x29.png */,
				5B6212A41746D957007B5C7C /* SCB_Icon_iPhone4.png */,
				5B6212A31746D957007B5C7C /* SCB_Icon_iPad50x50.png */,
				5B6212A51746D957007B5C7C /* SCB_Icon_iTunes.png */,
				5BEAD0E2174B379500FBF8B2 /* man.png */,
				5BEAD0E3174B379500FBF8B2 /* refresh.png */,
				5BEAD0E4174B379600FBF8B2 /* trend.png */,
				5BEAD0E1174B379500FBF8B2 /* house.png */,
				5BEAD0DF174B36A200FBF8B2 /* shoppingcart.png */,
			);
			name = Images;
			sourceTree = "<group>";
		};
		5BAA91AB176C2FD900969C20 /* Login_Controller */ = {
			isa = PBXGroup;
			children = (
				5BCB1B7F1747A2DB00816AF7 /* LoginViewController.h */,
				5BCB1B801747A2DB00816AF7 /* LoginViewController.m */,
			);
			name = Login_Controller;
			sourceTree = "<group>";
		};
		5BAA91AD176C305300969C20 /* Home_Controller */ = {
			isa = PBXGroup;
			children = (
				5BBBD89D17552E9D002A3E11 /* HomeViewController.h */,
				5BBBD89E17552E9D002A3E11 /* HomeViewController.m */,
			);
			name = Home_Controller;
			sourceTree = "<group>";
		};
		5BAA91AE176C30BF00969C20 /* Order_Controller */ = {
			isa = PBXGroup;
			children = (
				5BCB1B791747A25800816AF7 /* OrderViewController.h */,
				5BCB1B7A1747A25800816AF7 /* OrderViewController.m */,
				5BE39221174BC9C7005B40D2 /* OrderDetailViewController_iPad.h */,
				5BE39222174BC9C9005B40D2 /* OrderDetailViewController_iPad.m */,
				5B7E6DEA1767333F008286D4 /* HcpChoice.h */,
				5B7E6DEB17673343008286D4 /* HcpChoice.m */,
				5B96673217678A2E0017F0E4 /* ProductChoice.h */,
				5B96673317678A2E0017F0E4 /* ProductChoice.m */,
			);
			name = Order_Controller;
			sourceTree = "<group>";
		};
		5BAA91AF176C310B00969C20 /* Hcp_Controller */ = {
			isa = PBXGroup;
			children = (
				5BCB1B851747A31000816AF7 /* HcpListViewController.h */,
				5BCB1B861747A31000816AF7 /* HcpListViewController.m */,
				5BF4CF811760D86700BB3DBC /* HcpDetailController.h */,
				5BF4CF821760D86700BB3DBC /* HcpDetailController.m */,
				5B9667351768C41C0017F0E4 /* HcpAdditionalDetails.h */,
				5B9667361768C41C0017F0E4 /* HcpAdditionalDetails.m */,
				5B1F8D2717D9BA5100873860 /* LastXOrdersDesign.h */,
				5B1F8D2817D9BA5100873860 /* LastXOrdersDesign.m */,
			);
			name = Hcp_Controller;
			sourceTree = "<group>";
		};
		5BAA91B0176C31A100969C20 /* Sync_Controller */ = {
			isa = PBXGroup;
			children = (
				5BCB1B881747A32E00816AF7 /* SyncViewController_iPad.h */,
				5BCB1B891747A32E00816AF7 /* SyncViewController_iPad.m */,
			);
			name = Sync_Controller;
			sourceTree = "<group>";
		};
		5BB81560175DA81100DACE0B /* Reporting */ = {
			isa = PBXGroup;
			children = (
				5B589D7917CF4DA400DE9930 /* ReportDetails.h */,
				5B589D7A17CF4DA400DE9930 /* ReportDetails.m */,
				5B589D7F17CF4F1D00DE9930 /* ReportMenu.h */,
				5B589D8017CF4F1D00DE9930 /* ReportMenu.m */,
			);
			name = Reporting;
			sourceTree = "<group>";
		};
/* End PBXGroup section */

/* Begin PBXNativeTarget section */
		5B6212581746D8C5007B5C7C /* SampleCupboard_iOS */ = {
			isa = PBXNativeTarget;
			buildConfigurationList = 5B62129C1746D8C6007B5C7C /* Build configuration list for PBXNativeTarget "SampleCupboard_iOS" */;
			buildPhases = (
				5B6212551746D8C5007B5C7C /* Sources */,
				5B6212561746D8C5007B5C7C /* Frameworks */,
				5B6212571746D8C5007B5C7C /* Resources */,
			);
			buildRules = (
			);
			dependencies = (
			);
			name = SampleCupboard_iOS;
			productName = SampleCupboard_iOS;
			productReference = 5B6212591746D8C5007B5C7C /* SampleCupboard_iOS.app */;
			productType = "com.apple.product-type.application";
		};
/* End PBXNativeTarget section */

/* Begin PBXProject section */
		5B6212511746D8C5007B5C7C /* Project object */ = {
			isa = PBXProject;
			attributes = {
				LastUpgradeCheck = 0460;
				ORGANIZATIONNAME = MCG;
			};
			buildConfigurationList = 5B6212541746D8C5007B5C7C /* Build configuration list for PBXProject "SampleCupboard_iOS" */;
			compatibilityVersion = "Xcode 3.2";
			developmentRegion = English;
			hasScannedForEncodings = 0;
			knownRegions = (
				en,
				fr,
			);
			mainGroup = 5B6212501746D8C5007B5C7C;
			productRefGroup = 5B62125A1746D8C5007B5C7C /* Products */;
			projectDirPath = "";
			projectRoot = "";
			targets = (
				5B6212581746D8C5007B5C7C /* SampleCupboard_iOS */,
			);
		};
/* End PBXProject section */

/* Begin PBXResourcesBuildPhase section */
		5B6212571746D8C5007B5C7C /* Resources */ = {
			isa = PBXResourcesBuildPhase;
			buildActionMask = 2147483647;
			files = (
				5B6212671746D8C5007B5C7C /* InfoPlist.strings in Resources */,
				5B62126F1746D8C5007B5C7C /* Default.png in Resources */,
				5B6212711746D8C5007B5C7C /* Default@2x.png in Resources */,
				5B6212731746D8C5007B5C7C /* Default-568h@2x.png in Resources */,
				5B62127B1746D8C5007B5C7C /* first.png in Resources */,
				5B62127D1746D8C5007B5C7C /* first@2x.png in Resources */,
				5B6212821746D8C5007B5C7C /* second.png in Resources */,
				5B6212841746D8C5007B5C7C /* second@2x.png in Resources */,
				5B6212A61746D957007B5C7C /* SCB_Icon_iPad29x29.png in Resources */,
				5B6212A71746D957007B5C7C /* SCB_Icon_iPad50x50.png in Resources */,
				5B6212A81746D957007B5C7C /* SCB_Icon_iPhone4.png in Resources */,
				5B6212A91746D957007B5C7C /* SCB_Icon_iTunes.png in Resources */,
				5B6212B51746DA00007B5C7C /* home_background_landscape.png in Resources */,
				5B6212B61746DA00007B5C7C /* home_background_portrait.png in Resources */,
				5B6212B71746DA00007B5C7C /* Icon-72.png in Resources */,
				5B6212B81746DA00007B5C7C /* Icon-72@2x.png in Resources */,
				5B6212B91746DA00007B5C7C /* iPad_Login_bouton_Background.png in Resources */,
				5B6212BA1746DA00007B5C7C /* iPad_Login_bouton_button.png in Resources */,
				5B6212BB1746DA00007B5C7C /* iPad_Login_bouton_icon.png in Resources */,
				5B6212BC1746DA00007B5C7C /* iPad_Login_bouton_SignIn.png in Resources */,
				5B6212BD1746DA00007B5C7C /* iPad_MCG_background_landscape.png in Resources */,
				5B6212BE1746DA00007B5C7C /* iPad_MCG_background_portrait.png in Resources */,
				5B6212BF1746DA00007B5C7C /* iPad_MCG@2x.png in Resources */,
				5B6212C11746DA61007B5C7C /* MainStoryboard.storyboard in Resources */,
				5BD83539174AE96E00DA8B5A /* fr.lproj in Resources */,
				5BD8353B174AE98400DA8B5A /* Icons in Resources */,
				5B5085E1174B20460068A71E /* en.lproj in Resources */,
				5BEAD0E0174B36A200FBF8B2 /* shoppingcart.png in Resources */,
				5BEAD0E5174B379600FBF8B2 /* house.png in Resources */,
				5BEAD0E6174B379600FBF8B2 /* man.png in Resources */,
				5BEAD0E7174B379600FBF8B2 /* refresh.png in Resources */,
				5BEAD0E8174B379600FBF8B2 /* trend.png in Resources */,
				5B4DDBD1176E97850015A496 /* my_allocations.png in Resources */,
				5B4DDBD2176E97850015A496 /* my_team.png in Resources */,
				5B4DDBD3176E97850015A496 /* my_usage.png in Resources */,
				5B7E4BF1179B2C8A00ABD030 /* accept.png in Resources */,
				5B7E4BF2179B2C8A00ABD030 /* delete.png in Resources */,
			);
			runOnlyForDeploymentPostprocessing = 0;
		};
/* End PBXResourcesBuildPhase section */

/* Begin PBXSourcesBuildPhase section */
		5B6212551746D8C5007B5C7C /* Sources */ = {
			isa = PBXSourcesBuildPhase;
			buildActionMask = 2147483647;
			files = (
				5BC2901E17B0E03500DD14AF /* MBProgressHUD.m in Sources */,
				5B6212691746D8C5007B5C7C /* main.m in Sources */,
				5B62126D1746D8C5007B5C7C /* AppDelegate.m in Sources */,
				5BCB1B7B1747A25800816AF7 /* OrderViewController.m in Sources */,
				5BCB1B811747A2DB00816AF7 /* LoginViewController.m in Sources */,
				5BCB1B871747A31100816AF7 /* HcpListViewController.m in Sources */,
				5BCB1B8A1747A32E00816AF7 /* SyncViewController_iPad.m in Sources */,
				5BE39223174BC9CA005B40D2 /* OrderDetailViewController_iPad.m in Sources */,
				5BE39238174BEE76005B40D2 /* SignatureControl.m in Sources */,
				5BE3923E174BEF7B005B40D2 /* TextInputDialog_iPad.m in Sources */,
				5BE39247174C3177005B40D2 /* SampleCupboard_iOS.xcdatamodeld in Sources */,
				5BBBD89F17552E9E002A3E11 /* HomeViewController.m in Sources */,
				5B5C53E31757E44D004126D1 /* Reachability.m in Sources */,
				5BF4CF831760D86700BB3DBC /* HcpDetailController.m in Sources */,
				5B7E6DEC1767334B008286D4 /* HcpChoice.m in Sources */,
				5B96673417678A2E0017F0E4 /* ProductChoice.m in Sources */,
				5B9667371768C41C0017F0E4 /* HcpAdditionalDetails.m in Sources */,
				5BE091EB1785F52A0035F51B /* Territory.m in Sources */,
				5BE091EE1785F52A0035F51B /* TerritoryFSA.m in Sources */,
				5BE091F11785F63B0035F51B /* AllocationHeader.m in Sources */,
				5BDE2A0117A17A4B00422C4A /* Base64.m in Sources */,
				5BDE2A0717A1FA8400422C4A /* SetupConfig.m in Sources */,
				5B74925217B28FD800EDBE8A /* Order+Extensions.m in Sources */,
				5B74925817B2972B00EDBE8A /* Hcp+Extensions.m in Sources */,
				5B938A3C17B42F7700A8C078 /* HealthCareProfessional.m in Sources */,
				5B6E2EB817BA966A002FDBF9 /* OrderTemplate.m in Sources */,
				5B6E2EBE17BA96C7002FDBF9 /* OrderTemplateLine.m in Sources */,
				5B6E2EC117BA97E7002FDBF9 /* TemplateSelection.m in Sources */,
				5B2801D917C75E7600D06363 /* CustomBadge.m in Sources */,
				5B2801DA17C75E7600D06363 /* MESegmentedControl.m in Sources */,
				5B589D7B17CF4DA400DE9930 /* ReportDetails.m in Sources */,
				5B589D8117CF4F1D00DE9930 /* ReportMenu.m in Sources */,
				5B7E16BD17D69675000049B6 /* SVProgressHUD.m in Sources */,
				5B1F8D2917D9BA5100873860 /* LastXOrdersDesign.m in Sources */,
				5BB6E0D117EB53D7006EF204 /* Order.m in Sources */,
				5B8068D417F202FF000DED9E /* ReportSVC.m in Sources */,
				5B89560F18033C8F009635C4 /* Allocation.m in Sources */,
				5B47025B1805BD2F006CCEF7 /* OrderLineItem.m in Sources */,
			);
			runOnlyForDeploymentPostprocessing = 0;
		};
/* End PBXSourcesBuildPhase section */

/* Begin PBXVariantGroup section */
		5B6212651746D8C5007B5C7C /* InfoPlist.strings */ = {
			isa = PBXVariantGroup;
			children = (
				5B6212661746D8C5007B5C7C /* en */,
				5B3E552E17FDFCB6002A8373 /* fr */,
			);
			name = InfoPlist.strings;
			sourceTree = "<group>";
		};
		5B6212941746D8C6007B5C7C /* InfoPlist.strings */ = {
			isa = PBXVariantGroup;
			children = (
				5B6212951746D8C6007B5C7C /* en */,
				5B3E552F17FDFCB7002A8373 /* fr */,
			);
			name = InfoPlist.strings;
			sourceTree = "<group>";
		};
/* End PBXVariantGroup section */

/* Begin XCBuildConfiguration section */
		5B62129A1746D8C6007B5C7C /* Debug */ = {
			isa = XCBuildConfiguration;
			buildSettings = {
				ALWAYS_SEARCH_USER_PATHS = NO;
				CLANG_CXX_LANGUAGE_STANDARD = "gnu++0x";
				CLANG_CXX_LIBRARY = "libc++";
				CLANG_ENABLE_OBJC_ARC = YES;
				CLANG_WARN_CONSTANT_CONVERSION = YES;
				CLANG_WARN_EMPTY_BODY = YES;
				CLANG_WARN_ENUM_CONVERSION = YES;
				CLANG_WARN_INT_CONVERSION = YES;
				CLANG_WARN__DUPLICATE_METHOD_MATCH = YES;
				"CODE_SIGN_IDENTITY[sdk=iphoneos*]" = "iPhone Developer";
				COPY_PHASE_STRIP = NO;
				GCC_C_LANGUAGE_STANDARD = gnu99;
				GCC_DYNAMIC_NO_PIC = NO;
				GCC_OPTIMIZATION_LEVEL = 0;
				GCC_PREPROCESSOR_DEFINITIONS = (
					"DEBUG=1",
					"$(inherited)",
				);
				GCC_SYMBOLS_PRIVATE_EXTERN = NO;
				GCC_WARN_ABOUT_RETURN_TYPE = YES;
				GCC_WARN_UNINITIALIZED_AUTOS = YES;
				GCC_WARN_UNUSED_VARIABLE = YES;
				IPHONEOS_DEPLOYMENT_TARGET = 6.1;
				ONLY_ACTIVE_ARCH = YES;
				SDKROOT = iphoneos;
				TARGETED_DEVICE_FAMILY = 2;
			};
			name = Debug;
		};
		5B62129B1746D8C6007B5C7C /* Release */ = {
			isa = XCBuildConfiguration;
			buildSettings = {
				ALWAYS_SEARCH_USER_PATHS = NO;
				CLANG_CXX_LANGUAGE_STANDARD = "gnu++0x";
				CLANG_CXX_LIBRARY = "libc++";
				CLANG_ENABLE_OBJC_ARC = YES;
				CLANG_WARN_CONSTANT_CONVERSION = YES;
				CLANG_WARN_EMPTY_BODY = YES;
				CLANG_WARN_ENUM_CONVERSION = YES;
				CLANG_WARN_INT_CONVERSION = YES;
				CLANG_WARN__DUPLICATE_METHOD_MATCH = YES;
				"CODE_SIGN_IDENTITY[sdk=iphoneos*]" = "iPhone Developer";
				COPY_PHASE_STRIP = YES;
				GCC_C_LANGUAGE_STANDARD = gnu99;
				GCC_WARN_ABOUT_RETURN_TYPE = YES;
				GCC_WARN_UNINITIALIZED_AUTOS = YES;
				GCC_WARN_UNUSED_VARIABLE = YES;
				IPHONEOS_DEPLOYMENT_TARGET = 6.1;
				ONLY_ACTIVE_ARCH = YES;
				OTHER_CFLAGS = "-DNS_BLOCK_ASSERTIONS=1";
				SDKROOT = iphoneos;
				TARGETED_DEVICE_FAMILY = 2;
				VALIDATE_PRODUCT = YES;
			};
			name = Release;
		};
		5B62129D1746D8C6007B5C7C /* Debug */ = {
			isa = XCBuildConfiguration;
			buildSettings = {
				CODE_SIGN_IDENTITY = "iPhone Developer: Herald Gjura (R3S2528F63)";
				"CODE_SIGN_IDENTITY[sdk=iphoneos*]" = "iPhone Developer: Herald Gjura (R3S2528F63)";
				FRAMEWORK_SEARCH_PATHS = (
					"$(inherited)",
					"\"$(SRCROOT)\"",
				);
				GCC_PRECOMPILE_PREFIX_HEADER = YES;
				GCC_PREFIX_HEADER = "SampleCupboard_iOS/SampleCupboard_iOS-Prefix.pch";
				INFOPLIST_FILE = "SampleCupboard_iOS/SampleCupboard_iOS-Info.plist";
				IPHONEOS_DEPLOYMENT_TARGET = 6.1;
				PRODUCT_NAME = "$(TARGET_NAME)";
				PROVISIONING_PROFILE = "9C69BDA5-1F6E-4BC0-B0E8-408D583583D6";
				"PROVISIONING_PROFILE[sdk=iphoneos*]" = "9C69BDA5-1F6E-4BC0-B0E8-408D583583D6";
				WRAPPER_EXTENSION = app;
			};
			name = Debug;
		};
		5B62129E1746D8C6007B5C7C /* Release */ = {
			isa = XCBuildConfiguration;
			buildSettings = {
				CODE_SIGN_IDENTITY = "iPhone Developer: Herald Gjura (R3S2528F63)";
				"CODE_SIGN_IDENTITY[sdk=iphoneos*]" = "iPhone Developer: Herald Gjura (R3S2528F63)";
				FRAMEWORK_SEARCH_PATHS = (
					"$(inherited)",
					"\"$(SRCROOT)\"",
				);
				GCC_PRECOMPILE_PREFIX_HEADER = YES;
				GCC_PREFIX_HEADER = "SampleCupboard_iOS/SampleCupboard_iOS-Prefix.pch";
				INFOPLIST_FILE = "SampleCupboard_iOS/SampleCupboard_iOS-Info.plist";
				IPHONEOS_DEPLOYMENT_TARGET = 6.1;
				PRODUCT_NAME = "$(TARGET_NAME)";
				PROVISIONING_PROFILE = "9C69BDA5-1F6E-4BC0-B0E8-408D583583D6";
				"PROVISIONING_PROFILE[sdk=iphoneos*]" = "9C69BDA5-1F6E-4BC0-B0E8-408D583583D6";
				WRAPPER_EXTENSION = app;
			};
			name = Release;
		};
/* End XCBuildConfiguration section */

/* Begin XCConfigurationList section */
		5B6212541746D8C5007B5C7C /* Build configuration list for PBXProject "SampleCupboard_iOS" */ = {
			isa = XCConfigurationList;
			buildConfigurations = (
				5B62129A1746D8C6007B5C7C /* Debug */,
				5B62129B1746D8C6007B5C7C /* Release */,
			);
			defaultConfigurationIsVisible = 0;
			defaultConfigurationName = Release;
		};
		5B62129C1746D8C6007B5C7C /* Build configuration list for PBXNativeTarget "SampleCupboard_iOS" */ = {
			isa = XCConfigurationList;
			buildConfigurations = (
				5B62129D1746D8C6007B5C7C /* Debug */,
				5B62129E1746D8C6007B5C7C /* Release */,
			);
			defaultConfigurationIsVisible = 0;
			defaultConfigurationName = Release;
		};
/* End XCConfigurationList section */

/* Begin XCVersionGroup section */
		5BE39245174C3176005B40D2 /* SampleCupboard_iOS.xcdatamodeld */ = {
			isa = XCVersionGroup;
			children = (
				5B10578D176F3C360048513E,
				5BE39246174C3177005B40D2 /* SampleCupboard_iOS.xcdatamodel */,
				5B10578E176F3E540048513E /* SampleCupboard_iOS 1.001.xcdatamodel */,
			);
			currentVersion = 5B10578E176F3E540048513E /* SampleCupboard_iOS 1.001.xcdatamodel */;
			path = SampleCupboard_iOS.xcdatamodeld;
			sourceTree = "<group>";
			versionGroupType = wrapper.xcdatamodel;
		};
/* End XCVersionGroup section */
	};
	rootObject = 5B6212511746D8C5007B5C7C /* Project object */;
}
